# THIS IS AN AUTOGENERATED FILE. DO NOT EDIT THIS FILE DIRECTLY.
# yarn lockfile v1


"@johmun/vue-tags-input@^2.1.0":
  "integrity" "sha512-Fdwfss/TqCqMJbGAkmlzKbcG/ia1MstYjhqPBj+zG7h/166tIcE1TIftUxhT9LZ+RWjRSG0EFA1UyaHQSr3k3Q=="
  "resolved" "https://registry.npmjs.org/@johmun/vue-tags-input/-/vue-tags-input-2.1.0.tgz"
  "version" "2.1.0"
  dependencies:
    "vue" "^2.6.10"

"js-tokens@^3.0.0 || ^4.0.0":
  "integrity" "sha512-RdJUflcE3cUzKiMqQgsCu06FPu9UdIJO0beYbPhHN4k6apgJtifcoCtT9bcxOpYBtpD2kCM6Sbzg4CausW/PKQ=="
  "resolved" "https://registry.npmjs.org/js-tokens/-/js-tokens-4.0.0.tgz"
  "version" "4.0.0"

"loose-envify@^1.4.0":
  "integrity" "sha512-lyuxPGr/Wfhrlem2CL/UcnUc1zcqKAImBDzukY7Y5F/yQiNdko6+fRLevlw1HgMySw7f611UIY408EtxRSoK3Q=="
  "resolved" "https://registry.npmjs.org/loose-envify/-/loose-envify-1.4.0.tgz"
  "version" "1.4.0"
  dependencies:
    "js-tokens" "^3.0.0 || ^4.0.0"

"redux@4.0.1":
  "integrity" "sha512-R7bAtSkk7nY6O/OYMVR9RiBI+XghjF9rlbl5806HJbQph0LJVHZrU5oaO4q70eUKiqMRqm4y07KLTlMZ2BlVmg=="
  "resolved" "https://registry.npmjs.org/redux/-/redux-4.0.1.tgz"
  "version" "4.0.1"
  dependencies:
    "loose-envify" "^1.4.0"
    "symbol-observable" "^1.2.0"

"symbol-observable@^1.2.0":
  "integrity" "sha512-e900nM8RRtGhlV36KGEU9k65K3mPb1WV70OdjfxlG2EAuM1noi/E/BaW/uMhL7bPEssK8QV57vN3esixjUvcXQ=="
  "resolved" "https://registry.npmjs.org/symbol-observable/-/symbol-observable-1.2.0.tgz"
  "version" "1.2.0"

"vue@^2.6.10":
  "integrity" "sha512-uhmLFETqPPNyuLLbsKz6ioJ4q7AZHzD8ZVFNATNyICSZouqP2Sz0rotWQC8UNBF6VGSCs5abnKJoStA6JbCbfg=="
  "resolved" "https://registry.npmjs.org/vue/-/vue-2.6.12.tgz"
  "version" "2.6.12"
