{
    "version": 3,
    "terraform_version": "0.9.1",
    "serial": 12,
    "lineage": "12f339d0-31c1-4556-8316-04f66066e178",
    "modules": [
        {
            "path": [
                "root"
            ],
            "outputs": {},
            "resources": {
                "aws_alb.fieldkit-server": {
                    "type": "aws_alb",
                    "depends_on": [
                        "aws_security_group.fieldkit-server-alb",
                        "aws_subnet.fieldkit-a",
                        "aws_subnet.fieldkit-b",
                        "aws_subnet.fieldkit-c",
                        "aws_subnet.fieldkit-e"
                    ],
                    "primary": {
                        "id": "arn:aws:elasticloadbalancing:us-east-1:582827299311:loadbalancer/app/fieldkit-server/f13f5be945206a2b",
                        "attributes": {
                            "access_logs.#": "0",
                            "arn": "arn:aws:elasticloadbalancing:us-east-1:582827299311:loadbalancer/app/fieldkit-server/f13f5be945206a2b",
                            "arn_suffix": "app/fieldkit-server/f13f5be945206a2b",
                            "dns_name": "fieldkit-server-1146057817.us-east-1.elb.amazonaws.com",
                            "enable_deletion_protection": "false",
                            "id": "arn:aws:elasticloadbalancing:us-east-1:582827299311:loadbalancer/app/fieldkit-server/f13f5be945206a2b",
                            "idle_timeout": "60",
                            "internal": "false",
                            "name": "fieldkit-server",
                            "security_groups.#": "1",
                            "security_groups.2851771738": "sg-5e9b8722",
                            "subnets.#": "4",
                            "subnets.1818811804": "subnet-43f3497f",
                            "subnets.1964609094": "subnet-0f6b1e54",
                            "subnets.2121059318": "subnet-a41b6489",
                            "subnets.3333536029": "subnet-7cf2df35",
                            "tags.%": "1",
                            "tags.Name": "fieldkit-server",
                            "vpc_id": "vpc-c8c47eae",
                            "zone_id": "Z35SXDOTRQ7X7K"
                        },
                        "meta": {},
                        "tainted": false
                    },
                    "deposed": [],
                    "provider": ""
                },
                "aws_alb.fieldkit-server-staging": {
                    "type": "aws_alb",
                    "depends_on": [
                        "aws_security_group.fieldkit-server-staging-alb",
                        "aws_subnet.fieldkit-a",
                        "aws_subnet.fieldkit-b",
                        "aws_subnet.fieldkit-c",
                        "aws_subnet.fieldkit-e"
                    ],
                    "primary": {
                        "id": "arn:aws:elasticloadbalancing:us-east-1:582827299311:loadbalancer/app/fieldkit-server-staging/3d1ac9df54a5e329",
                        "attributes": {
                            "access_logs.#": "0",
                            "arn": "arn:aws:elasticloadbalancing:us-east-1:582827299311:loadbalancer/app/fieldkit-server-staging/3d1ac9df54a5e329",
                            "arn_suffix": "app/fieldkit-server-staging/3d1ac9df54a5e329",
                            "dns_name": "fieldkit-server-staging-795242370.us-east-1.elb.amazonaws.com",
                            "enable_deletion_protection": "false",
                            "id": "arn:aws:elasticloadbalancing:us-east-1:582827299311:loadbalancer/app/fieldkit-server-staging/3d1ac9df54a5e329",
                            "idle_timeout": "60",
                            "internal": "false",
                            "name": "fieldkit-server-staging",
                            "security_groups.#": "1",
                            "security_groups.3939800671": "sg-92a81bed",
                            "subnets.#": "4",
                            "subnets.1818811804": "subnet-43f3497f",
                            "subnets.1964609094": "subnet-0f6b1e54",
                            "subnets.2121059318": "subnet-a41b6489",
                            "subnets.3333536029": "subnet-7cf2df35",
                            "tags.%": "1",
                            "tags.Name": "fieldkit-server-staging",
                            "vpc_id": "vpc-c8c47eae",
                            "zone_id": "Z35SXDOTRQ7X7K"
                        },
                        "meta": {},
                        "tainted": false
                    },
                    "deposed": [],
                    "provider": ""
                },
                "aws_alb_listener.fieldkit-server": {
                    "type": "aws_alb_listener",
                    "depends_on": [
                        "aws_alb.fieldkit-server",
                        "aws_alb_target_group.fieldkit-server"
                    ],
                    "primary": {
                        "id": "arn:aws:elasticloadbalancing:us-east-1:582827299311:listener/app/fieldkit-server/f13f5be945206a2b/7a3d56037d62c032",
                        "attributes": {
                            "arn": "arn:aws:elasticloadbalancing:us-east-1:582827299311:listener/app/fieldkit-server/f13f5be945206a2b/7a3d56037d62c032",
                            "certificate_arn": "arn:aws:acm:us-east-1:582827299311:certificate/4a280325-b065-450b-b021-8862b52a7d3e",
                            "default_action.#": "1",
                            "default_action.0.target_group_arn": "arn:aws:elasticloadbalancing:us-east-1:582827299311:targetgroup/fieldkit-server/13a335a24bb6d43a",
                            "default_action.0.type": "forward",
                            "id": "arn:aws:elasticloadbalancing:us-east-1:582827299311:listener/app/fieldkit-server/f13f5be945206a2b/7a3d56037d62c032",
                            "load_balancer_arn": "arn:aws:elasticloadbalancing:us-east-1:582827299311:loadbalancer/app/fieldkit-server/f13f5be945206a2b",
                            "port": "443",
                            "protocol": "HTTPS",
                            "ssl_policy": "ELBSecurityPolicy-TLS-1-2-2017-01"
                        },
                        "meta": {},
                        "tainted": false
                    },
                    "deposed": [],
                    "provider": ""
                },
                "aws_alb_listener.fieldkit-server-staging": {
                    "type": "aws_alb_listener",
                    "depends_on": [
                        "aws_alb.fieldkit-server-staging",
                        "aws_alb_target_group.fieldkit-server-staging"
                    ],
                    "primary": {
                        "id": "arn:aws:elasticloadbalancing:us-east-1:582827299311:listener/app/fieldkit-server-staging/3d1ac9df54a5e329/0e824aca6f7fb51c",
                        "attributes": {
                            "arn": "arn:aws:elasticloadbalancing:us-east-1:582827299311:listener/app/fieldkit-server-staging/3d1ac9df54a5e329/0e824aca6f7fb51c",
                            "certificate_arn": "arn:aws:acm:us-east-1:582827299311:certificate/30a77491-8d27-4ad5-af2d-b134ed9c73f9",
                            "default_action.#": "1",
                            "default_action.0.target_group_arn": "arn:aws:elasticloadbalancing:us-east-1:582827299311:targetgroup/fieldkit-server-staging/d39a20f7bd55b7a8",
                            "default_action.0.type": "forward",
                            "id": "arn:aws:elasticloadbalancing:us-east-1:582827299311:listener/app/fieldkit-server-staging/3d1ac9df54a5e329/0e824aca6f7fb51c",
                            "load_balancer_arn": "arn:aws:elasticloadbalancing:us-east-1:582827299311:loadbalancer/app/fieldkit-server-staging/3d1ac9df54a5e329",
                            "port": "443",
                            "protocol": "HTTPS",
                            "ssl_policy": "ELBSecurityPolicy-TLS-1-2-2017-01"
                        },
                        "meta": {},
                        "tainted": false
                    },
                    "deposed": [],
                    "provider": ""
                },
                "aws_alb_target_group.fieldkit-server": {
                    "type": "aws_alb_target_group",
                    "depends_on": [
                        "aws_vpc.fieldkit"
                    ],
                    "primary": {
                        "id": "arn:aws:elasticloadbalancing:us-east-1:582827299311:targetgroup/fieldkit-server/13a335a24bb6d43a",
                        "attributes": {
                            "arn": "arn:aws:elasticloadbalancing:us-east-1:582827299311:targetgroup/fieldkit-server/13a335a24bb6d43a",
                            "arn_suffix": "targetgroup/fieldkit-server/13a335a24bb6d43a",
                            "deregistration_delay": "300",
                            "health_check.#": "1",
                            "health_check.0.healthy_threshold": "2",
                            "health_check.0.interval": "5",
                            "health_check.0.matcher": "200",
                            "health_check.0.path": "/status",
                            "health_check.0.port": "80",
                            "health_check.0.protocol": "HTTP",
                            "health_check.0.timeout": "3",
                            "health_check.0.unhealthy_threshold": "2",
                            "id": "arn:aws:elasticloadbalancing:us-east-1:582827299311:targetgroup/fieldkit-server/13a335a24bb6d43a",
                            "name": "fieldkit-server",
                            "port": "80",
                            "protocol": "HTTP",
                            "vpc_id": "vpc-c8c47eae"
                        },
                        "meta": {},
                        "tainted": false
                    },
                    "deposed": [],
                    "provider": ""
                },
                "aws_alb_target_group.fieldkit-server-staging": {
                    "type": "aws_alb_target_group",
                    "depends_on": [
                        "aws_vpc.fieldkit"
                    ],
                    "primary": {
                        "id": "arn:aws:elasticloadbalancing:us-east-1:582827299311:targetgroup/fieldkit-server-staging/d39a20f7bd55b7a8",
                        "attributes": {
                            "arn": "arn:aws:elasticloadbalancing:us-east-1:582827299311:targetgroup/fieldkit-server-staging/d39a20f7bd55b7a8",
                            "arn_suffix": "targetgroup/fieldkit-server-staging/d39a20f7bd55b7a8",
                            "deregistration_delay": "300",
                            "health_check.#": "1",
                            "health_check.0.healthy_threshold": "2",
                            "health_check.0.interval": "5",
                            "health_check.0.matcher": "200",
                            "health_check.0.path": "/status",
                            "health_check.0.port": "80",
                            "health_check.0.protocol": "HTTP",
                            "health_check.0.timeout": "3",
                            "health_check.0.unhealthy_threshold": "2",
                            "id": "arn:aws:elasticloadbalancing:us-east-1:582827299311:targetgroup/fieldkit-server-staging/d39a20f7bd55b7a8",
                            "name": "fieldkit-server-staging",
                            "port": "80",
                            "protocol": "HTTP",
                            "vpc_id": "vpc-c8c47eae"
                        },
                        "meta": {},
                        "tainted": false
                    },
                    "deposed": [],
                    "provider": ""
                },
                "aws_alb_target_group_attachment.fieldkit-server-a": {
                    "type": "aws_alb_target_group_attachment",
                    "depends_on": [
                        "aws_alb_target_group.fieldkit-server",
                        "aws_instance.fieldkit-server-a"
                    ],
                    "primary": {
                        "id": "arn:aws:elasticloadbalancing:us-east-1:582827299311:targetgroup/fieldkit-server/13a335a24bb6d43a-007cec28ff9f36f45c16a5b71c",
                        "attributes": {
                            "id": "arn:aws:elasticloadbalancing:us-east-1:582827299311:targetgroup/fieldkit-server/13a335a24bb6d43a-007cec28ff9f36f45c16a5b71c",
                            "port": "80",
                            "target_group_arn": "arn:aws:elasticloadbalancing:us-east-1:582827299311:targetgroup/fieldkit-server/13a335a24bb6d43a",
                            "target_id": "i-05a7ff171ad919370"
                        },
                        "meta": {},
                        "tainted": false
                    },
                    "deposed": [],
                    "provider": ""
                },
                "aws_alb_target_group_attachment.fieldkit-server-staging-a": {
                    "type": "aws_alb_target_group_attachment",
                    "depends_on": [
                        "aws_alb_target_group.fieldkit-server-staging",
                        "aws_instance.fieldkit-server-staging-a"
                    ],
                    "primary": {
                        "id": "arn:aws:elasticloadbalancing:us-east-1:582827299311:targetgroup/fieldkit-server-staging/d39a20f7bd55b7a8-00576631730b4c0660a72c4886",
                        "attributes": {
                            "id": "arn:aws:elasticloadbalancing:us-east-1:582827299311:targetgroup/fieldkit-server-staging/d39a20f7bd55b7a8-00576631730b4c0660a72c4886",
                            "port": "80",
                            "target_group_arn": "arn:aws:elasticloadbalancing:us-east-1:582827299311:targetgroup/fieldkit-server-staging/d39a20f7bd55b7a8",
                            "target_id": "i-0a6af7206eaa568f4"
                        },
                        "meta": {},
                        "tainted": false
                    },
                    "deposed": [],
                    "provider": ""
                },
                "aws_db_instance.default": {
                    "type": "aws_db_instance",
                    "depends_on": [
                        "aws_db_subnet_group.fieldkit",
                        "aws_security_group.postgresql-staging"
                    ],
                    "primary": {
                        "id": "fieldkit-staging",
                        "attributes": {
                            "address": "fieldkit-staging.chgdsru0ljqu.us-east-1.rds.amazonaws.com",
                            "allocated_storage": "100",
                            "arn": "arn:aws:rds:us-east-1:582827299311:db:fieldkit-staging",
                            "auto_minor_version_upgrade": "true",
                            "availability_zone": "us-east-1a",
                            "backup_retention_period": "0",
                            "backup_window": "08:36-09:06",
                            "copy_tags_to_snapshot": "false",
                            "db_subnet_group_name": "fieldkit",
                            "endpoint": "fieldkit-staging.chgdsru0ljqu.us-east-1.rds.amazonaws.com:5432",
                            "engine": "postgres",
                            "engine_version": "9.6.1",
                            "hosted_zone_id": "Z2R2ITUGPM61AM",
                            "id": "fieldkit-staging",
                            "identifier": "fieldkit-staging",
                            "instance_class": "db.t2.small",
                            "iops": "0",
                            "kms_key_id": "",
                            "license_model": "postgresql-license",
                            "maintenance_window": "mon:04:24-mon:04:54",
                            "monitoring_interval": "0",
                            "multi_az": "false",
                            "name": "fieldkit",
                            "option_group_name": "default:postgres-9-6",
                            "parameter_group_name": "default.postgres9.6",
                            "password": "kieldfit",
                            "port": "5432",
                            "publicly_accessible": "false",
                            "replicas.#": "0",
                            "replicate_source_db": "",
                            "security_group_names.#": "0",
                            "skip_final_snapshot": "false",
                            "status": "available",
                            "storage_encrypted": "false",
                            "storage_type": "standard",
                            "tags.%": "1",
                            "tags.Name": "fieldkit-staging",
                            "timezone": "",
                            "username": "fieldkit",
                            "vpc_security_group_ids.#": "1",
                            "vpc_security_group_ids.3582902559": "sg-4ba81b34"
                        },
                        "meta": {
                            "e2bfb730-ecaa-11e6-8f88-34363bc7c4c0": {
                                "create": 2400000000000,
                                "delete": 2400000000000,
                                "update": 4800000000000
                            }
                        },
                        "tainted": false
                    },
                    "deposed": [],
                    "provider": ""
                },
                "aws_db_subnet_group.fieldkit": {
                    "type": "aws_db_subnet_group",
                    "depends_on": [
                        "aws_subnet.fieldkit-a",
                        "aws_subnet.fieldkit-b",
                        "aws_subnet.fieldkit-c",
                        "aws_subnet.fieldkit-e"
                    ],
                    "primary": {
                        "id": "fieldkit",
                        "attributes": {
                            "arn": "arn:aws:rds:us-east-1:582827299311:subgrp:fieldkit",
                            "description": "fieldkit",
                            "id": "fieldkit",
                            "name": "fieldkit",
                            "subnet_ids.#": "4",
                            "subnet_ids.1818811804": "subnet-43f3497f",
                            "subnet_ids.1964609094": "subnet-0f6b1e54",
                            "subnet_ids.2121059318": "subnet-a41b6489",
                            "subnet_ids.3333536029": "subnet-7cf2df35",
                            "tags.%": "1",
                            "tags.Name": "fieldkit"
                        },
                        "meta": {},
                        "tainted": false
                    },
                    "deposed": [],
                    "provider": ""
                },
                "aws_elasticache_subnet_group.fieldkit": {
                    "type": "aws_elasticache_subnet_group",
                    "depends_on": [
                        "aws_subnet.fieldkit-a",
                        "aws_subnet.fieldkit-b",
                        "aws_subnet.fieldkit-c",
                        "aws_subnet.fieldkit-e"
                    ],
                    "primary": {
                        "id": "fieldkit",
                        "attributes": {
                            "description": "fieldkit",
                            "id": "fieldkit",
                            "name": "fieldkit",
                            "subnet_ids.#": "4",
                            "subnet_ids.1818811804": "subnet-43f3497f",
                            "subnet_ids.1964609094": "subnet-0f6b1e54",
                            "subnet_ids.2121059318": "subnet-a41b6489",
                            "subnet_ids.3333536029": "subnet-7cf2df35"
                        },
                        "meta": {},
                        "tainted": false
                    },
                    "deposed": [],
                    "provider": ""
                },
                "aws_iam_instance_profile.fieldkit-server": {
                    "type": "aws_iam_instance_profile",
                    "depends_on": [
                        "aws_iam_role.fieldkit-server"
                    ],
                    "primary": {
                        "id": "fieldkit-server",
                        "attributes": {
                            "arn": "arn:aws:iam::582827299311:instance-profile/fieldkit-server",
                            "id": "fieldkit-server",
                            "name": "fieldkit-server",
                            "path": "/",
                            "roles.#": "1",
                            "roles.4279055610": "fieldkit-server",
                            "unique_id": "AIPAJ5THQDK6SDHGOYCCY"
                        },
                        "meta": {},
                        "tainted": false
                    },
                    "deposed": [],
                    "provider": ""
                },
                "aws_iam_instance_profile.fieldkit-server-staging": {
                    "type": "aws_iam_instance_profile",
                    "depends_on": [
                        "aws_iam_role.fieldkit-server-staging"
                    ],
                    "primary": {
                        "id": "fieldkit-server-staging",
                        "attributes": {
                            "arn": "arn:aws:iam::582827299311:instance-profile/fieldkit-server-staging",
                            "id": "fieldkit-server-staging",
                            "name": "fieldkit-server-staging",
                            "path": "/",
                            "roles.#": "1",
                            "roles.1662165796": "fieldkit-server-staging",
                            "unique_id": "AIPAJPVTNSMF6VRUZGV7O"
                        },
                        "meta": {},
                        "tainted": false
                    },
                    "deposed": [],
                    "provider": ""
                },
                "aws_iam_role.fieldkit-server": {
                    "type": "aws_iam_role",
                    "depends_on": [],
                    "primary": {
                        "id": "fieldkit-server",
                        "attributes": {
                            "arn": "arn:aws:iam::582827299311:role/fieldkit-server",
                            "assume_role_policy": "{\n  \"Statement\": [\n    {\n      \"Action\": \"sts:AssumeRole\",\n      \"Principal\": {\n        \"Service\": \"ec2.amazonaws.com\"\n      },\n      \"Effect\": \"Allow\"\n    }\n  ]\n}\n",
                            "create_date": "2017-01-15T18:11:26Z",
                            "id": "fieldkit-server",
                            "name": "fieldkit-server",
                            "path": "/",
                            "unique_id": "AROAIHH5XIR2RDIYS57L2"
                        },
                        "meta": {},
                        "tainted": false
                    },
                    "deposed": [],
                    "provider": ""
                },
                "aws_iam_role.fieldkit-server-staging": {
                    "type": "aws_iam_role",
                    "depends_on": [],
                    "primary": {
                        "id": "fieldkit-server-staging",
                        "attributes": {
                            "arn": "arn:aws:iam::582827299311:role/fieldkit-server-staging",
                            "assume_role_policy": "{\n  \"Statement\": [\n    {\n      \"Action\": \"sts:AssumeRole\",\n      \"Principal\": {\n        \"Service\": \"ec2.amazonaws.com\"\n      },\n      \"Effect\": \"Allow\"\n    }\n  ]\n}\n",
                            "create_date": "2017-03-23T19:28:05Z",
                            "id": "fieldkit-server-staging",
                            "name": "fieldkit-server-staging",
                            "path": "/",
                            "unique_id": "AROAI3ZYMYIQVOCWBJ6SE"
                        },
                        "meta": {},
                        "tainted": false
                    },
                    "deposed": [],
                    "provider": ""
                },
                "aws_iam_role_policy.fieldkit-server": {
                    "type": "aws_iam_role_policy",
                    "depends_on": [
                        "aws_iam_role.fieldkit-server",
                        "data.aws_iam_policy_document.fieldkit-server"
                    ],
                    "primary": {
                        "id": "fieldkit-server:fieldkit-server",
                        "attributes": {
                            "id": "fieldkit-server:fieldkit-server",
                            "name": "fieldkit-server",
                            "policy": "{\n  \"Version\": \"2012-10-17\",\n  \"Statement\": [\n    {\n      \"Sid\": \"\",\n      \"Effect\": \"Allow\",\n      \"Action\": [\n        \"sqs:SendMessage\",\n        \"sqs:ReceiveMessage\",\n        \"sqs:DeleteMessage\"\n      ],\n      \"Resource\": \"arn:aws:sqs:us-east-1:582827299311:fieldkit\"\n    },\n    {\n      \"Sid\": \"\",\n      \"Effect\": \"Allow\",\n      \"Action\": \"ses:SendEmail\",\n      \"Resource\": \"*\",\n      \"Condition\": {\n        \"StringEquals\": {\n          \"ses:FromAddress\": \"admin@fieldkit.org\"\n        }\n      }\n    }\n  ]\n}",
                            "role": "fieldkit-server"
                        },
                        "meta": {},
                        "tainted": false
                    },
                    "deposed": [],
                    "provider": ""
                },
                "aws_iam_role_policy.fieldkit-server-staging": {
                    "type": "aws_iam_role_policy",
                    "depends_on": [
                        "aws_iam_role.fieldkit-server-staging",
                        "data.aws_iam_policy_document.fieldkit-server-staging"
                    ],
                    "primary": {
                        "id": "fieldkit-server-staging:fieldkit-server-staging",
                        "attributes": {
                            "id": "fieldkit-server-staging:fieldkit-server-staging",
                            "name": "fieldkit-server-staging",
                            "policy": "{\n  \"Version\": \"2012-10-17\",\n  \"Statement\": [\n    {\n      \"Sid\": \"\",\n      \"Effect\": \"Allow\",\n      \"Action\": [\n        \"sqs:SendMessage\",\n        \"sqs:ReceiveMessage\",\n        \"sqs:DeleteMessage\"\n      ],\n      \"Resource\": \"arn:aws:sqs:us-east-1:582827299311:fieldkit-staging\"\n    },\n    {\n      \"Sid\": \"\",\n      \"Effect\": \"Allow\",\n      \"Action\": \"ses:SendEmail\",\n      \"Resource\": \"*\",\n      \"Condition\": {\n        \"StringEquals\": {\n          \"ses:FromAddress\": \"admin@fieldkit.team\"\n        }\n      }\n    }\n  ]\n}",
                            "role": "fieldkit-server-staging"
                        },
                        "meta": {},
                        "tainted": false
                    },
                    "deposed": [],
                    "provider": ""
                },
                "aws_instance.fieldkit-server-a": {
                    "type": "aws_instance",
                    "depends_on": [
                        "aws_iam_instance_profile.fieldkit-server",
                        "aws_security_group.fieldkit-server",
                        "aws_security_group.ssh",
                        "aws_subnet.fieldkit-a",
                        "data.template_file.fieldkit-server-a"
                    ],
                    "primary": {
                        "id": "i-05a7ff171ad919370",
                        "attributes": {
                            "ami": "ami-3b7f9e2d",
                            "associate_public_ip_address": "true",
                            "availability_zone": "us-east-1a",
                            "disable_api_termination": "false",
                            "ebs_block_device.#": "0",
                            "ebs_optimized": "false",
                            "ephemeral_block_device.#": "0",
                            "iam_instance_profile": "fieldkit-server",
                            "id": "i-05a7ff171ad919370",
                            "instance_state": "running",
                            "instance_type": "m4.large",
                            "ipv6_address_count": "0",
                            "ipv6_addresses.#": "0",
                            "key_name": "fieldkit",
                            "monitoring": "false",
                            "network_interface_id": "eni-d288d322",
                            "private_dns": "ip-10-0-18-123.ec2.internal",
                            "private_ip": "10.0.18.123",
                            "public_dns": "",
                            "public_ip": "54.236.182.224",
                            "root_block_device.#": "1",
                            "root_block_device.0.delete_on_termination": "true",
                            "root_block_device.0.iops": "300",
                            "root_block_device.0.volume_size": "100",
                            "root_block_device.0.volume_type": "gp2",
                            "security_groups.#": "0",
                            "source_dest_check": "true",
                            "subnet_id": "subnet-a41b6489",
                            "tags.%": "1",
                            "tags.Name": "fieldkit-server-a",
                            "tenancy": "default",
                            "user_data": "a2a32dd509a8685c2fbe75ff51db20a45755178b",
                            "vpc_security_group_ids.#": "2",
                            "vpc_security_group_ids.2615750988": "sg-8832fdf4",
                            "vpc_security_group_ids.603262816": "sg-8232fdfe"
                        },
                        "meta": {
                            "schema_version": "1"
                        },
                        "tainted": false
                    },
                    "deposed": [],
                    "provider": ""
                },
                "aws_instance.fieldkit-server-staging-a": {
                    "type": "aws_instance",
                    "depends_on": [
                        "aws_iam_instance_profile.fieldkit-server-staging",
                        "aws_security_group.fieldkit-server-staging",
                        "aws_security_group.ssh",
                        "aws_subnet.fieldkit-a",
                        "data.template_file.fieldkit-server-staging-a"
                    ],
                    "primary": {
                        "id": "i-0a6af7206eaa568f4",
                        "attributes": {
                            "ami": "ami-3b7f9e2d",
                            "associate_public_ip_address": "true",
                            "availability_zone": "us-east-1a",
                            "disable_api_termination": "false",
                            "ebs_block_device.#": "0",
                            "ebs_optimized": "false",
                            "ephemeral_block_device.#": "0",
                            "iam_instance_profile": "fieldkit-server-staging",
                            "id": "i-0a6af7206eaa568f4",
                            "instance_state": "running",
                            "instance_type": "t2.medium",
                            "ipv6_address_count": "0",
                            "ipv6_addresses.#": "0",
                            "key_name": "fieldkit",
                            "monitoring": "false",
                            "network_interface_id": "eni-f179ce05",
                            "private_dns": "ip-10-0-34-4.ec2.internal",
                            "private_ip": "10.0.34.4",
                            "public_dns": "",
                            "public_ip": "52.91.233.241",
                            "root_block_device.#": "1",
                            "root_block_device.0.delete_on_termination": "true",
                            "root_block_device.0.iops": "300",
                            "root_block_device.0.volume_size": "100",
                            "root_block_device.0.volume_type": "gp2",
                            "security_groups.#": "0",
                            "source_dest_check": "true",
                            "subnet_id": "subnet-a41b6489",
                            "tags.%": "1",
                            "tags.Name": "fieldkit-server-staging-a",
                            "tenancy": "default",
                            "user_data": "74217815368679dca15aa6944930511ad34b12a1",
                            "vpc_security_group_ids.#": "2",
                            "vpc_security_group_ids.1826662818": "sg-d0aa19af",
                            "vpc_security_group_ids.2615750988": "sg-8832fdf4"
                        },
                        "meta": {
                            "schema_version": "1"
                        },
                        "tainted": false
                    },
                    "deposed": [],
                    "provider": ""
                },
                "aws_internet_gateway.fieldkit": {
                    "type": "aws_internet_gateway",
                    "depends_on": [
                        "aws_vpc.fieldkit"
                    ],
                    "primary": {
                        "id": "igw-97c1bbf0",
                        "attributes": {
                            "id": "igw-97c1bbf0",
                            "tags.%": "1",
                            "tags.Name": "fieldkit",
                            "vpc_id": "vpc-c8c47eae"
                        },
                        "meta": {},
                        "tainted": false
                    },
                    "deposed": [],
                    "provider": ""
                },
                "aws_route53_record.api-data": {
                    "type": "aws_route53_record",
                    "depends_on": [
                        "aws_alb.fieldkit-server",
                        "aws_alb.fieldkit-server"
                    ],
                    "primary": {
                        "id": "Z116TCZ3RT5Z2K_api.data.fieldkit.org_A",
                        "attributes": {
                            "alias.#": "1",
                            "alias.2126203094.evaluate_target_health": "false",
                            "alias.2126203094.name": "fieldkit-server-1146057817.us-east-1.elb.amazonaws.com",
                            "alias.2126203094.zone_id": "Z35SXDOTRQ7X7K",
                            "fqdn": "api.data.fieldkit.org",
                            "health_check_id": "",
                            "id": "Z116TCZ3RT5Z2K_api.data.fieldkit.org_A",
                            "name": "api.data.fieldkit.org",
                            "records.#": "0",
                            "set_identifier": "",
                            "ttl": "0",
                            "type": "A",
                            "zone_id": "Z116TCZ3RT5Z2K"
                        },
                        "meta": {
                            "schema_version": "2"
                        },
                        "tainted": false
                    },
                    "deposed": [],
                    "provider": ""
                },
                "aws_route53_record.api-data-staging": {
                    "type": "aws_route53_record",
                    "depends_on": [
                        "aws_alb.fieldkit-server-staging",
                        "aws_alb.fieldkit-server-staging"
                    ],
                    "primary": {
                        "id": "Z1P1FTADK9BR86_api.fieldkit.team_A",
                        "attributes": {
                            "alias.#": "1",
                            "alias.596630802.evaluate_target_health": "false",
                            "alias.596630802.name": "fieldkit-server-staging-795242370.us-east-1.elb.amazonaws.com",
                            "alias.596630802.zone_id": "Z35SXDOTRQ7X7K",
                            "fqdn": "api.fieldkit.team",
                            "health_check_id": "",
                            "id": "Z1P1FTADK9BR86_api.fieldkit.team_A",
                            "name": "api.fieldkit.team",
                            "records.#": "0",
                            "set_identifier": "",
                            "ttl": "0",
                            "type": "A",
                            "zone_id": "Z1P1FTADK9BR86"
                        },
                        "meta": {
                            "schema_version": "2"
                        },
                        "tainted": false
                    },
                    "deposed": [],
                    "provider": ""
                },
                "aws_route53_record.fieldkit-server-a": {
                    "type": "aws_route53_record",
                    "depends_on": [
                        "aws_instance.fieldkit-server-a"
                    ],
                    "primary": {
                        "id": "Z116TCZ3RT5Z2K_fieldkit-server-a.aws.fieldkit.org_A",
                        "attributes": {
                            "fqdn": "fieldkit-server-a.aws.fieldkit.org",
                            "health_check_id": "",
                            "id": "Z116TCZ3RT5Z2K_fieldkit-server-a.aws.fieldkit.org_A",
                            "name": "fieldkit-server-a.aws.fieldkit.org",
                            "records.#": "1",
                            "records.469849964": "54.236.182.224",
                            "set_identifier": "",
                            "ttl": "60",
                            "type": "A",
                            "zone_id": "Z116TCZ3RT5Z2K"
                        },
                        "meta": {
                            "schema_version": "2"
                        },
                        "tainted": false
                    },
                    "deposed": [],
                    "provider": ""
                },
                "aws_route53_record.fieldkit-server-staging-a": {
                    "type": "aws_route53_record",
                    "depends_on": [
                        "aws_instance.fieldkit-server-staging-a"
                    ],
                    "primary": {
                        "id": "Z1P1FTADK9BR86_fieldkit-server-staging-a.aws.fieldkit.team_A",
                        "attributes": {
                            "fqdn": "fieldkit-server-staging-a.aws.fieldkit.team",
                            "health_check_id": "",
                            "id": "Z1P1FTADK9BR86_fieldkit-server-staging-a.aws.fieldkit.team_A",
                            "name": "fieldkit-server-staging-a.aws.fieldkit.team",
                            "records.#": "1",
                            "records.2934898915": "52.91.233.241",
                            "set_identifier": "",
                            "ttl": "60",
                            "type": "A",
                            "zone_id": "Z1P1FTADK9BR86"
                        },
                        "meta": {
                            "schema_version": "2"
                        },
                        "tainted": false
                    },
                    "deposed": [],
                    "provider": ""
                },
                "aws_route53_record.frontend-staging": {
                    "type": "aws_route53_record",
                    "depends_on": [
                        "aws_alb.fieldkit-server-staging",
                        "aws_alb.fieldkit-server-staging"
                    ],
                    "primary": {
                        "id": "Z1P1FTADK9BR86_fieldkit.team_A",
                        "attributes": {
                            "alias.#": "1",
                            "alias.596630802.evaluate_target_health": "false",
                            "alias.596630802.name": "fieldkit-server-staging-795242370.us-east-1.elb.amazonaws.com",
                            "alias.596630802.zone_id": "Z35SXDOTRQ7X7K",
                            "fqdn": "fieldkit.team",
                            "health_check_id": "",
                            "id": "Z1P1FTADK9BR86_fieldkit.team_A",
                            "name": "fieldkit.team",
                            "records.#": "0",
                            "set_identifier": "",
                            "ttl": "0",
                            "type": "A",
                            "zone_id": "Z1P1FTADK9BR86"
                        },
                        "meta": {
                            "schema_version": "2"
                        },
                        "tainted": false
                    },
                    "deposed": [],
                    "provider": ""
                },
                "aws_route53_record.wildcard-staging": {
                    "type": "aws_route53_record",
                    "depends_on": [
                        "aws_alb.fieldkit-server-staging",
                        "aws_alb.fieldkit-server-staging"
                    ],
                    "primary": {
                        "id": "Z1P1FTADK9BR86_*.fieldkit.team_A",
                        "attributes": {
                            "alias.#": "1",
                            "alias.596630802.evaluate_target_health": "false",
                            "alias.596630802.name": "fieldkit-server-staging-795242370.us-east-1.elb.amazonaws.com",
                            "alias.596630802.zone_id": "Z35SXDOTRQ7X7K",
                            "fqdn": "*.fieldkit.team",
                            "health_check_id": "",
                            "id": "Z1P1FTADK9BR86_*.fieldkit.team_A",
                            "name": "*.fieldkit.team",
                            "records.#": "0",
                            "set_identifier": "",
                            "ttl": "0",
                            "type": "A",
                            "zone_id": "Z1P1FTADK9BR86"
                        },
                        "meta": {
                            "schema_version": "2"
                        },
                        "tainted": false
                    },
                    "deposed": [],
                    "provider": ""
                },
                "aws_security_group.fieldkit-server": {
                    "type": "aws_security_group",
                    "depends_on": [
                        "aws_security_group.fieldkit-server-alb",
                        "aws_vpc.fieldkit"
                    ],
                    "primary": {
                        "id": "sg-8232fdfe",
                        "attributes": {
                            "description": "fieldkit-server",
                            "egress.#": "1",
                            "egress.482069346.cidr_blocks.#": "1",
                            "egress.482069346.cidr_blocks.0": "0.0.0.0/0",
                            "egress.482069346.from_port": "0",
                            "egress.482069346.ipv6_cidr_blocks.#": "0",
                            "egress.482069346.prefix_list_ids.#": "0",
                            "egress.482069346.protocol": "-1",
                            "egress.482069346.security_groups.#": "0",
                            "egress.482069346.self": "false",
                            "egress.482069346.to_port": "0",
                            "id": "sg-8232fdfe",
                            "ingress.#": "1",
                            "ingress.4151510728.cidr_blocks.#": "0",
                            "ingress.4151510728.from_port": "80",
                            "ingress.4151510728.ipv6_cidr_blocks.#": "0",
                            "ingress.4151510728.protocol": "tcp",
                            "ingress.4151510728.security_groups.#": "1",
                            "ingress.4151510728.security_groups.2851771738": "sg-5e9b8722",
                            "ingress.4151510728.self": "false",
                            "ingress.4151510728.to_port": "80",
                            "name": "fieldkit-server",
                            "owner_id": "582827299311",
                            "tags.%": "0",
                            "vpc_id": "vpc-c8c47eae"
                        },
                        "meta": {},
                        "tainted": false
                    },
                    "deposed": [],
                    "provider": ""
                },
                "aws_security_group.fieldkit-server-alb": {
                    "type": "aws_security_group",
                    "depends_on": [
                        "aws_vpc.fieldkit"
                    ],
                    "primary": {
                        "id": "sg-5e9b8722",
                        "attributes": {
                            "description": "fieldkit-server-alb",
                            "egress.#": "1",
                            "egress.482069346.cidr_blocks.#": "1",
                            "egress.482069346.cidr_blocks.0": "0.0.0.0/0",
                            "egress.482069346.from_port": "0",
                            "egress.482069346.ipv6_cidr_blocks.#": "0",
                            "egress.482069346.prefix_list_ids.#": "0",
                            "egress.482069346.protocol": "-1",
                            "egress.482069346.security_groups.#": "0",
                            "egress.482069346.self": "false",
                            "egress.482069346.to_port": "0",
                            "id": "sg-5e9b8722",
                            "ingress.#": "1",
                            "ingress.2617001939.cidr_blocks.#": "1",
                            "ingress.2617001939.cidr_blocks.0": "0.0.0.0/0",
                            "ingress.2617001939.from_port": "443",
                            "ingress.2617001939.ipv6_cidr_blocks.#": "0",
                            "ingress.2617001939.protocol": "tcp",
                            "ingress.2617001939.security_groups.#": "0",
                            "ingress.2617001939.self": "false",
                            "ingress.2617001939.to_port": "443",
                            "name": "fieldkit-server-alb",
                            "owner_id": "582827299311",
                            "tags.%": "0",
                            "vpc_id": "vpc-c8c47eae"
                        },
                        "meta": {},
                        "tainted": false
                    },
                    "deposed": [],
                    "provider": ""
                },
                "aws_security_group.fieldkit-server-staging": {
                    "type": "aws_security_group",
                    "depends_on": [
                        "aws_security_group.fieldkit-server-staging-alb",
                        "aws_vpc.fieldkit"
                    ],
                    "primary": {
                        "id": "sg-d0aa19af",
                        "attributes": {
                            "description": "fieldkit-server-staging",
                            "egress.#": "1",
                            "egress.482069346.cidr_blocks.#": "1",
                            "egress.482069346.cidr_blocks.0": "0.0.0.0/0",
                            "egress.482069346.from_port": "0",
                            "egress.482069346.ipv6_cidr_blocks.#": "0",
                            "egress.482069346.prefix_list_ids.#": "0",
                            "egress.482069346.protocol": "-1",
                            "egress.482069346.security_groups.#": "0",
                            "egress.482069346.self": "false",
                            "egress.482069346.to_port": "0",
                            "id": "sg-d0aa19af",
                            "ingress.#": "1",
                            "ingress.2270878788.cidr_blocks.#": "0",
                            "ingress.2270878788.from_port": "80",
                            "ingress.2270878788.ipv6_cidr_blocks.#": "0",
                            "ingress.2270878788.protocol": "tcp",
                            "ingress.2270878788.security_groups.#": "1",
                            "ingress.2270878788.security_groups.3939800671": "sg-92a81bed",
                            "ingress.2270878788.self": "false",
                            "ingress.2270878788.to_port": "80",
                            "name": "fieldkit-server-staging",
                            "owner_id": "582827299311",
                            "tags.%": "0",
                            "vpc_id": "vpc-c8c47eae"
                        },
                        "meta": {},
                        "tainted": false
                    },
                    "deposed": [],
                    "provider": ""
                },
                "aws_security_group.fieldkit-server-staging-alb": {
                    "type": "aws_security_group",
                    "depends_on": [
                        "aws_vpc.fieldkit"
                    ],
                    "primary": {
                        "id": "sg-92a81bed",
                        "attributes": {
                            "description": "fieldkit-server-staging-alb",
                            "egress.#": "1",
                            "egress.482069346.cidr_blocks.#": "1",
                            "egress.482069346.cidr_blocks.0": "0.0.0.0/0",
                            "egress.482069346.from_port": "0",
                            "egress.482069346.ipv6_cidr_blocks.#": "0",
                            "egress.482069346.prefix_list_ids.#": "0",
                            "egress.482069346.protocol": "-1",
                            "egress.482069346.security_groups.#": "0",
                            "egress.482069346.self": "false",
                            "egress.482069346.to_port": "0",
                            "id": "sg-92a81bed",
                            "ingress.#": "1",
                            "ingress.2924335095.cidr_blocks.#": "2",
                            "ingress.2924335095.cidr_blocks.0": "24.103.10.214/32",
                            "ingress.2924335095.cidr_blocks.1": "54.48.89.64/32",
                            "ingress.2924335095.from_port": "443",
                            "ingress.2924335095.ipv6_cidr_blocks.#": "0",
                            "ingress.2924335095.protocol": "tcp",
                            "ingress.2924335095.security_groups.#": "0",
                            "ingress.2924335095.self": "false",
                            "ingress.2924335095.to_port": "443",
                            "name": "fieldkit-server-staging-alb",
                            "owner_id": "582827299311",
                            "tags.%": "0",
                            "vpc_id": "vpc-c8c47eae"
                        },
                        "meta": {},
                        "tainted": false
                    },
                    "deposed": [],
                    "provider": ""
                },
                "aws_security_group.postgresql": {
                    "type": "aws_security_group",
                    "depends_on": [
                        "aws_security_group.fieldkit-server",
                        "aws_vpc.fieldkit"
                    ],
                    "primary": {
                        "id": "sg-7f31fe03",
                        "attributes": {
                            "description": "postgresql",
                            "egress.#": "0",
                            "id": "sg-7f31fe03",
                            "ingress.#": "1",
                            "ingress.1436598071.cidr_blocks.#": "0",
                            "ingress.1436598071.from_port": "5432",
                            "ingress.1436598071.ipv6_cidr_blocks.#": "0",
                            "ingress.1436598071.protocol": "tcp",
                            "ingress.1436598071.security_groups.#": "1",
                            "ingress.1436598071.security_groups.603262816": "sg-8232fdfe",
                            "ingress.1436598071.self": "false",
                            "ingress.1436598071.to_port": "5432",
                            "name": "postgresql",
                            "owner_id": "582827299311",
                            "tags.%": "0",
                            "vpc_id": "vpc-c8c47eae"
                        },
                        "meta": {},
                        "tainted": false
                    },
                    "deposed": [],
                    "provider": ""
                },
                "aws_security_group.postgresql-staging": {
                    "type": "aws_security_group",
                    "depends_on": [
                        "aws_security_group.fieldkit-server-staging",
                        "aws_vpc.fieldkit"
                    ],
                    "primary": {
                        "id": "sg-4ba81b34",
                        "attributes": {
                            "description": "postgresql-staging",
                            "egress.#": "0",
                            "id": "sg-4ba81b34",
                            "ingress.#": "1",
                            "ingress.545589517.cidr_blocks.#": "0",
                            "ingress.545589517.from_port": "5432",
                            "ingress.545589517.ipv6_cidr_blocks.#": "0",
                            "ingress.545589517.protocol": "tcp",
                            "ingress.545589517.security_groups.#": "1",
                            "ingress.545589517.security_groups.1826662818": "sg-d0aa19af",
                            "ingress.545589517.self": "false",
                            "ingress.545589517.to_port": "5432",
                            "name": "postgresql-staging",
                            "owner_id": "582827299311",
                            "tags.%": "0",
                            "vpc_id": "vpc-c8c47eae"
                        },
                        "meta": {},
                        "tainted": false
                    },
                    "deposed": [],
                    "provider": ""
                },
                "aws_security_group.redis": {
                    "type": "aws_security_group",
                    "depends_on": [
                        "aws_security_group.fieldkit-server",
                        "aws_vpc.fieldkit"
                    ],
                    "primary": {
                        "id": "sg-7e31fe02",
                        "attributes": {
                            "description": "redis",
                            "egress.#": "0",
                            "id": "sg-7e31fe02",
                            "ingress.#": "1",
                            "ingress.1420199641.cidr_blocks.#": "0",
                            "ingress.1420199641.from_port": "6379",
                            "ingress.1420199641.ipv6_cidr_blocks.#": "0",
                            "ingress.1420199641.protocol": "tcp",
                            "ingress.1420199641.security_groups.#": "1",
                            "ingress.1420199641.security_groups.603262816": "sg-8232fdfe",
                            "ingress.1420199641.self": "false",
                            "ingress.1420199641.to_port": "6379",
                            "name": "redis",
                            "owner_id": "582827299311",
                            "tags.%": "0",
                            "vpc_id": "vpc-c8c47eae"
                        },
                        "meta": {},
                        "tainted": false
                    },
                    "deposed": [],
                    "provider": ""
                },
                "aws_security_group.ssh": {
                    "type": "aws_security_group",
                    "depends_on": [
                        "aws_vpc.fieldkit"
                    ],
                    "primary": {
                        "id": "sg-8832fdf4",
                        "attributes": {
                            "description": "ssh",
                            "egress.#": "1",
                            "egress.482069346.cidr_blocks.#": "1",
                            "egress.482069346.cidr_blocks.0": "0.0.0.0/0",
                            "egress.482069346.from_port": "0",
                            "egress.482069346.ipv6_cidr_blocks.#": "0",
                            "egress.482069346.prefix_list_ids.#": "0",
                            "egress.482069346.protocol": "-1",
                            "egress.482069346.security_groups.#": "0",
                            "egress.482069346.self": "false",
                            "egress.482069346.to_port": "0",
                            "id": "sg-8832fdf4",
                            "ingress.#": "1",
                            "ingress.3104204089.cidr_blocks.#": "2",
                            "ingress.3104204089.cidr_blocks.0": "24.103.10.214/32",
                            "ingress.3104204089.cidr_blocks.1": "54.48.89.64/32",
                            "ingress.3104204089.from_port": "22",
                            "ingress.3104204089.ipv6_cidr_blocks.#": "0",
                            "ingress.3104204089.protocol": "tcp",
                            "ingress.3104204089.security_groups.#": "0",
                            "ingress.3104204089.self": "false",
                            "ingress.3104204089.to_port": "22",
                            "name": "ssh",
                            "owner_id": "582827299311",
                            "tags.%": "0",
                            "vpc_id": "vpc-c8c47eae"
                        },
                        "meta": {},
                        "tainted": false
                    },
                    "deposed": [],
                    "provider": ""
                },
                "aws_sqs_queue.fieldkit": {
                    "type": "aws_sqs_queue",
                    "depends_on": [],
                    "primary": {
                        "id": "https://sqs.us-east-1.amazonaws.com/582827299311/fieldkit",
                        "attributes": {
                            "arn": "arn:aws:sqs:us-east-1:582827299311:fieldkit",
                            "content_based_deduplication": "false",
                            "delay_seconds": "0",
                            "fifo_queue": "false",
                            "id": "https://sqs.us-east-1.amazonaws.com/582827299311/fieldkit",
                            "max_message_size": "262144",
                            "message_retention_seconds": "345600",
                            "name": "fieldkit",
                            "receive_wait_time_seconds": "0",
                            "visibility_timeout_seconds": "30"
                        },
                        "meta": {},
                        "tainted": false
                    },
                    "deposed": [],
                    "provider": ""
                },
                "aws_sqs_queue.fieldkit-staging": {
                    "type": "aws_sqs_queue",
                    "depends_on": [],
                    "primary": {
                        "id": "https://sqs.us-east-1.amazonaws.com/582827299311/fieldkit-staging",
                        "attributes": {
                            "arn": "arn:aws:sqs:us-east-1:582827299311:fieldkit-staging",
                            "content_based_deduplication": "false",
                            "delay_seconds": "0",
                            "fifo_queue": "false",
                            "id": "https://sqs.us-east-1.amazonaws.com/582827299311/fieldkit-staging",
                            "max_message_size": "262144",
                            "message_retention_seconds": "345600",
                            "name": "fieldkit-staging",
                            "receive_wait_time_seconds": "0",
                            "visibility_timeout_seconds": "30"
                        },
                        "meta": {},
                        "tainted": false
                    },
                    "deposed": [],
                    "provider": ""
                },
                "aws_subnet.fieldkit-a": {
                    "type": "aws_subnet",
                    "depends_on": [
                        "aws_vpc.fieldkit"
                    ],
                    "primary": {
                        "id": "subnet-a41b6489",
                        "attributes": {
                            "assign_ipv6_address_on_creation": "false",
                            "availability_zone": "us-east-1a",
                            "cidr_block": "10.0.0.0/18",
                            "id": "subnet-a41b6489",
                            "map_public_ip_on_launch": "true",
                            "tags.%": "1",
                            "tags.Name": "fieldkit-a",
                            "vpc_id": "vpc-c8c47eae"
                        },
                        "meta": {},
                        "tainted": false
                    },
                    "deposed": [],
                    "provider": ""
                },
                "aws_subnet.fieldkit-b": {
                    "type": "aws_subnet",
                    "depends_on": [
                        "aws_vpc.fieldkit"
                    ],
                    "primary": {
                        "id": "subnet-7cf2df35",
                        "attributes": {
                            "assign_ipv6_address_on_creation": "false",
                            "availability_zone": "us-east-1b",
                            "cidr_block": "10.0.64.0/18",
                            "id": "subnet-7cf2df35",
                            "map_public_ip_on_launch": "true",
                            "tags.%": "1",
                            "tags.Name": "fieldkit-c",
                            "vpc_id": "vpc-c8c47eae"
                        },
                        "meta": {},
                        "tainted": false
                    },
                    "deposed": [],
                    "provider": ""
                },
                "aws_subnet.fieldkit-c": {
                    "type": "aws_subnet",
                    "depends_on": [
                        "aws_vpc.fieldkit"
                    ],
                    "primary": {
                        "id": "subnet-0f6b1e54",
                        "attributes": {
                            "assign_ipv6_address_on_creation": "false",
                            "availability_zone": "us-east-1c",
                            "cidr_block": "10.0.128.0/18",
                            "id": "subnet-0f6b1e54",
                            "map_public_ip_on_launch": "true",
                            "tags.%": "1",
                            "tags.Name": "fieldkit-d",
                            "vpc_id": "vpc-c8c47eae"
                        },
                        "meta": {},
                        "tainted": false
                    },
                    "deposed": [],
                    "provider": ""
                },
                "aws_subnet.fieldkit-e": {
                    "type": "aws_subnet",
                    "depends_on": [
                        "aws_vpc.fieldkit"
                    ],
                    "primary": {
                        "id": "subnet-43f3497f",
                        "attributes": {
                            "assign_ipv6_address_on_creation": "false",
                            "availability_zone": "us-east-1e",
                            "cidr_block": "10.0.192.0/18",
                            "id": "subnet-43f3497f",
                            "map_public_ip_on_launch": "true",
                            "tags.%": "1",
                            "tags.Name": "fieldkit-e",
                            "vpc_id": "vpc-c8c47eae"
                        },
                        "meta": {},
                        "tainted": false
                    },
                    "deposed": [],
                    "provider": ""
                },
                "aws_vpc.fieldkit": {
                    "type": "aws_vpc",
                    "depends_on": [],
                    "primary": {
                        "id": "vpc-c8c47eae",
                        "attributes": {
                            "assign_generated_ipv6_cidr_block": "false",
                            "cidr_block": "10.0.0.0/16",
                            "default_network_acl_id": "acl-a382cfc5",
                            "default_route_table_id": "rtb-89a35af0",
                            "default_security_group_id": "sg-9132fded",
                            "dhcp_options_id": "dopt-d825dbbf",
                            "enable_classiclink": "false",
                            "enable_dns_hostnames": "false",
                            "enable_dns_support": "true",
                            "id": "vpc-c8c47eae",
                            "instance_tenancy": "default",
                            "main_route_table_id": "rtb-89a35af0",
                            "tags.%": "1",
                            "tags.Name": "fieldkit"
                        },
                        "meta": {},
                        "tainted": false
                    },
                    "deposed": [],
                    "provider": ""
                },
                "data.aws_iam_policy_document.fieldkit-server": {
                    "type": "aws_iam_policy_document",
                    "depends_on": [
                        "aws_sqs_queue.fieldkit"
                    ],
                    "primary": {
                        "id": "4238865914",
                        "attributes": {
                            "id": "4238865914",
                            "json": "{\n  \"Version\": \"2012-10-17\",\n  \"Statement\": [\n    {\n      \"Sid\": \"\",\n      \"Effect\": \"Allow\",\n      \"Action\": [\n        \"sqs:SendMessage\",\n        \"sqs:ReceiveMessage\",\n        \"sqs:DeleteMessage\"\n      ],\n      \"Resource\": \"arn:aws:sqs:us-east-1:582827299311:fieldkit\"\n    },\n    {\n      \"Sid\": \"\",\n      \"Effect\": \"Allow\",\n      \"Action\": \"ses:SendEmail\",\n      \"Resource\": \"*\",\n      \"Condition\": {\n        \"StringEquals\": {\n          \"ses:FromAddress\": \"admin@fieldkit.org\"\n        }\n      }\n    }\n  ]\n}",
                            "statement.#": "2",
                            "statement.0.actions.#": "3",
                            "statement.0.actions.1811208493": "sqs:DeleteMessage",
                            "statement.0.actions.2500619403": "sqs:SendMessage",
                            "statement.0.actions.3253554316": "sqs:ReceiveMessage",
                            "statement.0.condition.#": "0",
                            "statement.0.effect": "Allow",
                            "statement.0.not_actions.#": "0",
                            "statement.0.not_principals.#": "0",
                            "statement.0.not_resources.#": "0",
                            "statement.0.principals.#": "0",
                            "statement.0.resources.#": "1",
                            "statement.0.resources.2832823299": "arn:aws:sqs:us-east-1:582827299311:fieldkit",
                            "statement.0.sid": "",
                            "statement.1.actions.#": "1",
                            "statement.1.actions.2984206386": "ses:SendEmail",
                            "statement.1.condition.#": "1",
                            "statement.1.condition.3023849808.test": "StringEquals",
                            "statement.1.condition.3023849808.values.#": "1",
                            "statement.1.condition.3023849808.values.3284166671": "admin@fieldkit.org",
                            "statement.1.condition.3023849808.variable": "ses:FromAddress",
                            "statement.1.effect": "Allow",
                            "statement.1.not_actions.#": "0",
                            "statement.1.not_principals.#": "0",
                            "statement.1.not_resources.#": "0",
                            "statement.1.principals.#": "0",
                            "statement.1.resources.#": "1",
                            "statement.1.resources.2679715827": "*",
                            "statement.1.sid": ""
                        },
                        "meta": {},
                        "tainted": false
                    },
                    "deposed": [],
                    "provider": ""
                },
                "data.aws_iam_policy_document.fieldkit-server-staging": {
                    "type": "aws_iam_policy_document",
                    "depends_on": [
                        "aws_sqs_queue.fieldkit-staging"
                    ],
                    "primary": {
                        "id": "2714934180",
                        "attributes": {
                            "id": "2714934180",
                            "json": "{\n  \"Version\": \"2012-10-17\",\n  \"Statement\": [\n    {\n      \"Sid\": \"\",\n      \"Effect\": \"Allow\",\n      \"Action\": [\n        \"sqs:SendMessage\",\n        \"sqs:ReceiveMessage\",\n        \"sqs:DeleteMessage\"\n      ],\n      \"Resource\": \"arn:aws:sqs:us-east-1:582827299311:fieldkit-staging\"\n    },\n    {\n      \"Sid\": \"\",\n      \"Effect\": \"Allow\",\n      \"Action\": \"ses:SendEmail\",\n      \"Resource\": \"*\",\n      \"Condition\": {\n        \"StringEquals\": {\n          \"ses:FromAddress\": \"admin@fieldkit.team\"\n        }\n      }\n    }\n  ]\n}",
                            "statement.#": "2",
                            "statement.0.actions.#": "3",
                            "statement.0.actions.1811208493": "sqs:DeleteMessage",
                            "statement.0.actions.2500619403": "sqs:SendMessage",
                            "statement.0.actions.3253554316": "sqs:ReceiveMessage",
                            "statement.0.condition.#": "0",
                            "statement.0.effect": "Allow",
                            "statement.0.not_actions.#": "0",
                            "statement.0.not_principals.#": "0",
                            "statement.0.not_resources.#": "0",
                            "statement.0.principals.#": "0",
                            "statement.0.resources.#": "1",
                            "statement.0.resources.346345975": "arn:aws:sqs:us-east-1:582827299311:fieldkit-staging",
                            "statement.0.sid": "",
                            "statement.1.actions.#": "1",
                            "statement.1.actions.2984206386": "ses:SendEmail",
                            "statement.1.condition.#": "1",
                            "statement.1.condition.1408686072.test": "StringEquals",
                            "statement.1.condition.1408686072.values.#": "1",
                            "statement.1.condition.1408686072.values.3253179525": "admin@fieldkit.team",
                            "statement.1.condition.1408686072.variable": "ses:FromAddress",
                            "statement.1.effect": "Allow",
                            "statement.1.not_actions.#": "0",
                            "statement.1.not_principals.#": "0",
                            "statement.1.not_resources.#": "0",
                            "statement.1.principals.#": "0",
                            "statement.1.resources.#": "1",
                            "statement.1.resources.2679715827": "*",
                            "statement.1.sid": ""
                        },
                        "meta": {},
                        "tainted": false
                    },
                    "deposed": [],
                    "provider": ""
                },
                "data.template_file.fieldkit-server-a": {
                    "type": "template_file",
                    "depends_on": [],
                    "primary": {
                        "id": "f34566e4eab0d0bc23e2cbafb8bbf7b3d59bac69d0f37db8ab78cfb1f4f26d34",
                        "attributes": {
                            "id": "f34566e4eab0d0bc23e2cbafb8bbf7b3d59bac69d0f37db8ab78cfb1f4f26d34",
                            "rendered": "#cloud-config\nhostname: \"fieldkit-server-a\"\ncoreos:\n  update:\n    reboot-strategy: \"reboot\"\n  units:\n    - name: \"docker.service\"\n      command: \"start\"\n",
                            "template": "#cloud-config\nhostname: \"${hostname}\"\ncoreos:\n  update:\n    reboot-strategy: \"reboot\"\n  units:\n    - name: \"docker.service\"\n      command: \"start\"\n",
                            "vars.%": "1",
                            "vars.hostname": "fieldkit-server-a"
                        },
                        "meta": {},
                        "tainted": false
                    },
                    "deposed": [],
                    "provider": ""
                },
                "data.template_file.fieldkit-server-staging-a": {
                    "type": "template_file",
                    "depends_on": [],
                    "primary": {
                        "id": "9af6ec35465803f64e0a7e0ddc8d5e56e158be54427572f920dcf546c16122b8",
                        "attributes": {
                            "id": "9af6ec35465803f64e0a7e0ddc8d5e56e158be54427572f920dcf546c16122b8",
                            "rendered": "#cloud-config\nhostname: \"fieldkit-server-staging-a\"\ncoreos:\n  update:\n    reboot-strategy: \"reboot\"\n  units:\n    - name: \"docker.service\"\n      command: \"start\"\n",
                            "template": "#cloud-config\nhostname: \"${hostname}\"\ncoreos:\n  update:\n    reboot-strategy: \"reboot\"\n  units:\n    - name: \"docker.service\"\n      command: \"start\"\n",
                            "vars.%": "1",
                            "vars.hostname": "fieldkit-server-staging-a"
                        },
                        "meta": {},
                        "tainted": false
                    },
                    "deposed": [],
                    "provider": ""
                }
            },
            "depends_on": []
        }
    ]
}
