cloud.google.com/go v0.34.0/go.mod h1:aQUYkXzVsufM+DwF1aE+0xfcU+56JwCaLick0ClmMTw=
github.com/O-C-R/singlepage v0.0.0-20170327184421-bbbe2159ecec h1:LIoJbq63m+rBjCp6Y6S2Le8dpxM5Q3c/JEmQhqKfA64=
github.com/O-C-R/singlepage v0.0.0-20170327184421-bbbe2159ecec/go.mod h1:KSe9op5Wv7sEBDUEPRta9ST6C8fqP3e/puBFkbRTJw4=
github.com/PyYoshi/goa-logging-zap v0.2.3/go.mod h1:fv3HMJFXXK3ibYbgySdedUidEf2xn5+geILVnkzHnbc=
github.com/ajg/form v1.5.1/go.mod h1:uL1WgH+h2mgNtvBq0339dVnzXdBETtL2LeUXaIv25UY=
github.com/armon/go-metrics v0.0.0-20180713145231-3c58d8115a78 h1:mdRSArcFLfW0VoL34LZAKSz6LkkK4jFxVx2xYavACMg=
github.com/armon/go-metrics v0.0.0-20180713145231-3c58d8115a78/go.mod h1:Q73ZrmVTwzkszR9V5SSuryQ31EELlFMUz1kKyl939pY=
github.com/aws/aws-lambda-go v0.0.0-20180413184133-ea03c2814414/go.mod h1:zUsUQhAUjYzR8AuduJPCfhBuKWUaDbQiPOG+ouzmE1A=
github.com/aws/aws-sdk-go v0.0.0-20170317202926-5b99715ae294 h1:PSIaPLCFXMX95yp4bbl/0/Kr249iUTJ0ZdBMwwIYJeU=
github.com/aws/aws-sdk-go v0.0.0-20170317202926-5b99715ae294/go.mod h1:ZRmQr0FajVIyZ4ZzBYKG5P3ZqPz9IHG41ZoMu1ADI3k=
github.com/cavaliercoder/grab v2.0.0+incompatible h1:wZHbBQx56+Yxjx2TCGDcenhh3cJn7cCLMfkEPmySTSE=
github.com/cavaliercoder/grab v2.0.0+incompatible/go.mod h1:tTBkfNqSBfuMmMBFaO2phgyhdYhiZQ/+iXCZDzcDsMI=
github.com/cenkalti/backoff v0.0.0-20170309153948-3db60c813733 h1:MJfFDt3h4CWt4IbcI73hgG8FmxkWVNe1yy6HKAny0Hs=
github.com/cenkalti/backoff v0.0.0-20170309153948-3db60c813733/go.mod h1:90ReRw6GdpyfrHakVjL/QHaoyV4aDUVVkXQJJJ3NXXM=
github.com/conservify/gonaturalist v0.0.0-20180423234038-89ee57d29073 h1:yLd+gLgROfNsPa2v5PTy5phxfqP8tfc0uTOgf3kdCs0=
github.com/conservify/gonaturalist v0.0.0-20180423234038-89ee57d29073/go.mod h1:33SuVjyr19htQk98mGiGuS0q1+wAU9rLM6pEE3Y+sIo=
github.com/conservify/gonaturalist v0.0.0-20190530183130-1509fd074b2c h1:Nf/7Md7r35+Xgj0ZHWduWWTpvIjM3z3Dzlj5kteRSCU=
github.com/conservify/gonaturalist v0.0.0-20190530183130-1509fd074b2c/go.mod h1:twokyRGjUvBFg0j//BylhrcRhbul42YnnyrxFww1cJs=
github.com/conservify/protobuf-tools v0.0.0-20180715164506-43b897198d14 h1:QGVMxBf5mnwW+33iI+G+EY9cNakw0/I28CseywEXjr8=
github.com/conservify/protobuf-tools v0.0.0-20180715164506-43b897198d14/go.mod h1:1Vz9J9UqT4Z8osCuDoRYFZX4+xagHAfXOT5SXwI7ixc=
github.com/conservify/sqlxcache v0.0.0-20180420163412-f531a9ef96c0 h1:pW0qfS5nDUsu1f2uQJEJKwORks/THoa+Nh6JOnCJW1g=
github.com/conservify/sqlxcache v0.0.0-20180420163412-f531a9ef96c0/go.mod h1:AvDsSXCHyWu5U4RKziUjN4WbWZgL3asecW+jQBXn/k0=
github.com/conservify/sqlxcache v0.0.0-20190613230637-8591c1af57d9 h1:7OEUQixgQ3nhyY0b7AH4CtUsDQa30q3eI+UiFoTn2W8=
github.com/conservify/sqlxcache v0.0.0-20190613230637-8591c1af57d9/go.mod h1:AvDsSXCHyWu5U4RKziUjN4WbWZgL3asecW+jQBXn/k0=
github.com/conservify/sqlxcache v0.0.0-20190613231406-3c821df9ff9e h1:3ta2a/ShSGeHe0JirwHynstwa7qeqWEL7ALM0AF2Sh0=
github.com/conservify/sqlxcache v0.0.0-20190613231406-3c821df9ff9e/go.mod h1:AvDsSXCHyWu5U4RKziUjN4WbWZgL3asecW+jQBXn/k0=
github.com/conservify/sqlxcache v0.0.0-20190613231538-4c025edbc64e h1:yl9wABoHJ9Gw3QwgK7Ro6MiG/f1ApH27DaFMZDBqgT8=
github.com/conservify/sqlxcache v0.0.0-20190613231538-4c025edbc64e/go.mod h1:AvDsSXCHyWu5U4RKziUjN4WbWZgL3asecW+jQBXn/k0=
github.com/conservify/tooling v0.0.0-20190530175209-bf2b6e69e188 h1:nzhuVRX151/kWhgBr+2ReM0Wyv5H2T8SfGWs8ASKb7k=
github.com/conservify/tooling v0.0.0-20190530175209-bf2b6e69e188/go.mod h1:h5m8xHonhAIhZYhgjfJf93jnPQTki09jRguMH72D4Yw=
github.com/creack/goselect v0.1.0 h1:4QiXIhcpSQF50XGaBsFzesjwX/1qOY5bOveQPmN9CXY=
github.com/creack/goselect v0.1.0/go.mod h1:gHrIcH/9UZDn2qgeTUeW5K9eZsVYCH6/60J/FHysWyE=
github.com/davecgh/go-spew v1.1.1 h1:vj9j/u1bqnvCEfJOwUhtlOARqs3+rkHYY13jYWTU97c=
github.com/davecgh/go-spew v1.1.1/go.mod h1:J7Y8YcW2NihsgmVo/mv3lAwl/skON4iLHjSsI+c5H38=
github.com/dghubble/go-twitter v0.0.0-20170219215544-fc93bb35701b h1:kvpnMw+/XiU4gBaAC8sdnTdxjDCyGLktT5XNjTC/2x8=
github.com/dghubble/go-twitter v0.0.0-20170219215544-fc93bb35701b/go.mod h1:6beqTZaXeBPti9pDBcBEqxfJc7uCbSafqZPRDPQOKoM=
github.com/dghubble/oauth1 v0.0.0-20170219195226-3c7784d12fed h1:Vsr8168lYmnffic/LE65YMYrXw+FJChiIRR0HT/OGfY=
github.com/dghubble/oauth1 v0.0.0-20170219195226-3c7784d12fed/go.mod h1:8V8BMV9DJRREZx/lUaHtrs7GUMXpzbMqJxINCasxYug=
github.com/dghubble/sling v0.0.0-20170219194632-91b015f8c5e2 h1:bGvye+oUquwX7yjUXchpQac4FXVjG4j8mMGJlexGgRI=
github.com/dghubble/sling v0.0.0-20170219194632-91b015f8c5e2/go.mod h1:ZcPRuLm0qrcULW2gOrjXrAWgf76sahqSyxXyVOvkunE=
github.com/dgrijalva/jwt-go v0.0.0-20170201225849-2268707a8f08 h1:CKgL9pXHGzShaC8UIkq33/vGAAl5Jqwjskuao2CN3rQ=
github.com/dgrijalva/jwt-go v0.0.0-20170201225849-2268707a8f08/go.mod h1:E3ru+11k8xSBh+hMPgOLZmtrrCbhqsmaPHjLKYnJCaQ=
github.com/dimfeld/httppath v0.0.0-20170720192232-ee938bf73598 h1:MGKhKyiYrvMDZsmLR/+RGffQSXwEkXgfLSA08qDn9AI=
github.com/dimfeld/httppath v0.0.0-20170720192232-ee938bf73598/go.mod h1:0FpDmbrt36utu8jEmeU05dPC9AB5tsLYVVi+ZHfyuwI=
github.com/dimfeld/httptreemux v5.0.1+incompatible h1:Qj3gVcDNoOthBAqftuD596rm4wg/adLLz5xh5CmpiCA=
github.com/dimfeld/httptreemux v5.0.1+incompatible/go.mod h1:rbUlSV+CCpv/SuqUTP/8Bk2O3LyUV436/yaRGkhP6Z0=
github.com/dropbox/godropbox v0.0.0-20190501155911-5749d3b71cbe h1:h9O84K0R+PKy6G8nNBMyUwChvF9EwQQOgXwr92uTHfM=
github.com/dropbox/godropbox v0.0.0-20190501155911-5749d3b71cbe/go.mod h1:glr97hP/JuXb+WMYCizc4PIFuzw1lCR97mwbe1VVXhQ=
github.com/fieldkit/cloud v0.0.0-20180414192002-62152ebe8d7d h1:KuUSPOCUbo4NxzARpV3Bw7xtcOMCpGvQy2Hl3mxDyDk=
github.com/fieldkit/cloud v0.0.0-20180414192002-62152ebe8d7d/go.mod h1:3t/uXpAzdatC0wZ+NbO7cu5VhheO3l43o9egSygavw8=
github.com/fieldkit/cloud v0.0.0-20190822011034-2ebd4a3af414 h1:NF0aEAKIGZTm6vFJzJWGtM3NhGPtzxwYdn9bucdn6+Q=
github.com/fieldkit/cloud v0.0.0-20190911153726-1b72131c5b7d h1:FObJtbGmPK+z2VmnEfoHIaDA69BGqct9e5hseD3/trY=
github.com/fieldkit/cloud v0.0.0-20191002001852-3e87ba6752d4 h1:wb88366PFYzxvJx0NgCQeE1I14tXDKWFz705ya5OBuQ=
github.com/fieldkit/cloud v0.0.0-20191028164840-9ff8c2eb0152 h1:IYJzCA0Y/14HPMT5M23KUnMEU9cXdBBmerfhO2HNoWQ=
github.com/fieldkit/cloud v0.0.0-20191030214544-92b0aaaa04cf h1:uymxUgYIRdgWu6njEthnoYs3tTVCMIAPMJryS6VgPII=
github.com/fieldkit/cloud v0.0.0-20200213184947-c03b76b2e7c9 h1:IiiDTFgRQbxO/yDkUnuX4qNy3+RAPxJYhQzw4S4PXf8=
github.com/fieldkit/data-protocol v0.0.0-20180327223702-03a931c33d8e h1:rFW2B+LYyxl52yCRhUXiORgPL9HXM9h40mkkyPg2jY0=
github.com/fieldkit/data-protocol v0.0.0-20180327223702-03a931c33d8e/go.mod h1:Atpguegf5+RPc1NjBgZ3oukS3WAqckGBcLjdRJOvY6A=
github.com/fieldkit/data-protocol v0.0.0-20190903230951-dd4bd77f8fec h1:UZ8oj/i5PLGrAV0WqiRYzy32woAictOHHrPFWhA4w18=
github.com/fieldkit/data-protocol v0.0.0-20190903230951-dd4bd77f8fec/go.mod h1:Atpguegf5+RPc1NjBgZ3oukS3WAqckGBcLjdRJOvY6A=
github.com/fieldkit/data-protocol v0.0.0-20190917153605-1851e79a9911 h1:Ud6gwfcf/fi6daYTIqBmZtOmq91Z5Egj5+eylGaHaH8=
github.com/fieldkit/data-protocol v0.0.0-20190917153605-1851e79a9911/go.mod h1:S4fq0iDtAHxWOin3Oa8V7sOTOISOAE+R9b3yDSBZMYY=
github.com/fieldkit/data-protocol v0.0.0-20200123020042-8ddcca534acd h1:DJiq2reEpsSFEBCkpB/ZZPX3pR8pDYCl8HvJmO0sErE=
github.com/fieldkit/data-protocol v0.0.0-20200123020042-8ddcca534acd/go.mod h1:V84PpA6hUIiJoEDtWPaIGG5asd6cfYTJvSWHThD4YQE=
github.com/fsnotify/fsnotify v1.4.7/go.mod h1:jwhsz4b93w/PPRr/qN1Yymfu8t87LnFCMoQvtojpjFo=
github.com/go-ini/ini v1.26.0 h1:L6QZOsKl6CI5DGgGpt1GUXwd5Vu87eq0LEg3Wum8iVM=
github.com/go-ini/ini v1.26.0/go.mod h1:ByCAeIL28uOIIG0E3PJtZPDL8WnHpFKFOtgjp+3Ies8=
github.com/go-kit/kit v0.0.0-20190326234956-40f35b54ddf5/go.mod h1:xBxKIO96dXMWWy0MnWVtmwkA9/13aqxPnvrjFYMA2as=
github.com/go-logfmt/logfmt v0.4.0/go.mod h1:3RMwSq7FuexP4Kalkev3ejPJsZTpXXBr9+V4qmtdjCk=
github.com/go-stack/stack v1.8.0/go.mod h1:v0f6uXyyMGvRgIKkXu+yp6POWl0qKG85gN/melR3HDY=
github.com/goadesign/goa v1.4.0 h1:2K0k+KtwGcErmWUoarsItuV9cPKG/7KBG86Oh89kHqs=
github.com/goadesign/goa v1.4.0/go.mod h1:d/9lpuZBK7HFi/7O0oXfwvdoIl+nx2bwKqctZe/lQao=
github.com/goadesign/goa v2.0.5+incompatible h1:gKyJR6hwDuuN0nm4aH9jVyRaNca2Y0yRmh++umCoHkU=
github.com/gogo/protobuf v0.0.0-20190324160722-382325bbbb4d/go.mod h1:hp+jE20tsWTFYpLwKvXlhS1hjn+gTNwPg2I6zVXpSg4=
github.com/gogo/protobuf v1.3.0 h1:G8O7TerXerS4F6sx9OV7/nRfJdnXgHZu/S/7F2SN+UE=
github.com/gogo/protobuf v1.3.0/go.mod h1:SlYgWuQ5SjCEi6WLHjHCa1yvBfUnHcTbrrZtXPKa29o=
github.com/golang/freetype v0.0.0-20161208064710-d9be45aaf745 h1:0d9whnMsm0iklqvoBXNEgHPt8pkXdfDplBAswA/F8YA=
github.com/golang/freetype v0.0.0-20161208064710-d9be45aaf745/go.mod h1:E/TSTwGwJL78qG/PmXZO1EjYhfJinVAhrmmHX6Z8B9k=
github.com/golang/protobuf v0.0.0-20170808021621-1909bc2f63dc h1:yJqJ8hxlsTlElj2s+4eWqjrDiJxi9CXihOaCjgxl9K0=
github.com/golang/protobuf v0.0.0-20170808021621-1909bc2f63dc/go.mod h1:6lQm79b+lXiMfvg/cZm0SGofjICqVBUtrP5yJMmIC1U=
github.com/golang/protobuf v1.2.0 h1:P3YflyNX/ehuJFLhxviNdFxQPkGK5cDcApsge1SqnvM=
github.com/golang/protobuf v1.2.0/go.mod h1:6lQm79b+lXiMfvg/cZm0SGofjICqVBUtrP5yJMmIC1U=
github.com/golang/protobuf v1.3.2 h1:6nsPYzhq5kReh6QImI3k5qWzO4PEbvbIW2cwSfR/6xs=
github.com/golang/protobuf v1.3.2/go.mod h1:6lQm79b+lXiMfvg/cZm0SGofjICqVBUtrP5yJMmIC1U=
github.com/golang/protobuf v1.3.3 h1:gyjaxf+svBWX08ZjK86iN9geUJF0H6gp2IRKX6Nf6/I=
github.com/golang/protobuf v1.3.3/go.mod h1:vzj43D7+SQXF/4pzW/hwtAqwc6iTitCiVSaWz5lYuqw=
github.com/google/go-querystring v0.0.0-20170111101155-53e6ce116135 h1:zLTLjkaOFEFIOxY5BWLFLwh+cL8vOBW4XJ2aqLE/Tf0=
github.com/google/go-querystring v0.0.0-20170111101155-53e6ce116135/go.mod h1:odCYkC5MyYFN7vkCjXpyrEuKhc/BUO6wN/zVPAxq5ck=
github.com/google/uuid v1.1.1 h1:Gkbcsh/GbpXz7lPftLA3P6TYMwjCLYm83jiFQZF/3gY=
github.com/google/uuid v1.1.1/go.mod h1:TIyPZe4MgqvfeYDBFedMoGGpEw/LqOeaOT+nhxU+yHo=
github.com/h2non/filetype v1.0.10 h1:z+SJfnL6thYJ9kAST+6nPRXp1lMxnOVbMZHNYHMar0s=
github.com/h2non/filetype v1.0.10/go.mod h1:isekKqOuhMj+s/7r3rIeTErIRy4Rub5uBWHfvMusLMU=
github.com/hashicorp/go-immutable-radix v0.0.0-20180129170900-7f3cd4390caa h1:0nA8i+6Rwqaq9xlpmVxxTwk6rxiEhX+E6Wh4vPNHiS8=
github.com/hashicorp/go-immutable-radix v0.0.0-20180129170900-7f3cd4390caa/go.mod h1:6ij3Z20p+OhOkCSrA0gImAWoHYQRGbnlcuk6XYTiaRw=
github.com/hashicorp/golang-lru v0.0.0-20180201235237-0fb14efe8c47 h1:UnszMmmmm5vLwWzDjTFVIkfhvWF1NdrmChl8L2NUDCw=
github.com/hashicorp/golang-lru v0.0.0-20180201235237-0fb14efe8c47/go.mod h1:/m3WP610KZHVQ1SGc6re/UDhFvYD7pJ4Ao+sR/qLZy8=
github.com/hongshibao/go-algo v0.0.0-20160521171829-b1aaa26798b6 h1:j1SemezrhoUCjacv6TDSUomL2dFTwobPp8b1aEpEKxA=
github.com/hongshibao/go-algo v0.0.0-20160521171829-b1aaa26798b6/go.mod h1:fi3+qEjINLC+deQgWjKh+oV0SxkN0/7n26T1cgs7akU=
github.com/hongshibao/go-kdtree v0.0.0-20180503061502-0de4e8305acf h1:C9Vwn2fKaFWX2MLxqO9AtBA3l9zKhPxPTDHWpD/FG9E=
github.com/hongshibao/go-kdtree v0.0.0-20180503061502-0de4e8305acf/go.mod h1:G8OKQQ9f6Rq0O5mnpOr5ZNQFkXjGb0nfLB2R2KPRoIc=
github.com/hpcloud/tail v1.0.0 h1:nfCOvKYfkgYP8hkirhJocXT2+zOD8yUNjXaWfTlyFKI=
github.com/hpcloud/tail v1.0.0/go.mod h1:ab1qPbhIpdTxEkNHXyeSf5vhxWSCs/tWer42PpOxQnU=
github.com/iancoleman/strcase v0.0.0-20190422225806-e506e3ef7365 h1:ECW73yc9MY7935nNYXUkK7Dz17YuSUI9yqRqYS8aBww=
github.com/iancoleman/strcase v0.0.0-20190422225806-e506e3ef7365/go.mod h1:SK73tn/9oHe+/Y0h39VT4UCxmurVJkR5NA7kMEAOgSE=
github.com/inconshreveable/log15 v0.0.0-20180818164646-67afb5ed74ec/go.mod h1:cOaXtrgN4ScfRrD9Bre7U1thNq5RtJ8ZoP4iXVGRj6o=
github.com/inconshreveable/mousetrap v1.0.0/go.mod h1:PxqpIevigyE2G7u3NXJIT2ANytuPF1OarO4DADm73n8=
github.com/jmespath/go-jmespath v0.0.0-20160803190731-bd40a432e4c7 h1:SMvOWPJCES2GdFracYbBQh93GXac8fq7HeN6JnpduB8=
github.com/jmespath/go-jmespath v0.0.0-20160803190731-bd40a432e4c7/go.mod h1:Nht3zPeWKUH0NzdCt2Blrr5ys8VGpn0CEB0cQHVjt7k=
github.com/jmoiron/sqlx v0.0.0-20171020205521-3379e5993990 h1:Qz34DeP9m0hcLLumXusFlnoDS+v677G+Jz0SWXJ6MQc=
github.com/jmoiron/sqlx v0.0.0-20171020205521-3379e5993990/go.mod h1:IiEW3SEiiErVyFdH8NTuWjSifiEQKUoyK3LNqr2kCHU=
github.com/kelseyhightower/envconfig v0.0.0-20170206223400-8bf4bbfc795e h1:dM3DX0qCw24toXO5tvFQn17sHfXqSQRQv0I0fifrytA=
github.com/kelseyhightower/envconfig v0.0.0-20170206223400-8bf4bbfc795e/go.mod h1:cccZRl6mQpaq41TPp5QxidR+Sa3axMbJDNb//FQX6Gg=
github.com/kisielk/errcheck v1.1.0/go.mod h1:EZBBE59ingxPouuu3KfxchcWSUPOHkagtvWXihfKN4Q=
github.com/kisielk/errcheck v1.2.0/go.mod h1:/BMXB+zMLi60iA8Vv6Ksmxu/1UDYcXs4uQLJ+jE2L00=
github.com/kisielk/gotool v1.0.0/go.mod h1:XhKaO+MFFWcvkIS/tQcRk01m1F5IRFswLeQ+oQHNcck=
github.com/konsorten/go-windows-terminal-sequences v1.0.1/go.mod h1:T0+1ngSBFLxvqU3pZ+m/2kptfBszLMUkC4ZK/EgS/cQ=
github.com/konsorten/go-windows-terminal-sequences v1.0.2/go.mod h1:T0+1ngSBFLxvqU3pZ+m/2kptfBszLMUkC4ZK/EgS/cQ=
github.com/kr/logfmt v0.0.0-20140226030751-b84e30acd515/go.mod h1:+0opPa2QZZtGFBFZlji/RkVcI2GknAs/DXo4wKdlNEc=
github.com/lib/pq v0.0.0-20171022192043-b609790bd85e h1:1qCfiDN0AcL0+q3Rooed70ztlReITlD4CBZKgmjKO20=
github.com/lib/pq v0.0.0-20171022192043-b609790bd85e/go.mod h1:5WUZQaWbwv1U+lTReE5YruASi9Al49XbQIvNi/34Woo=
github.com/llgcode/draw2d v0.0.0-20161104081029-1286d3b2030a h1:f7+9ZaYsiajG8y/lT+d+8MTT2+M4/KRAVq3pui0FIQ0=
github.com/llgcode/draw2d v0.0.0-20161104081029-1286d3b2030a/go.mod h1:th5ThsEAha37D8D9FbfhLvGuf04dR1aM0mgdYs+XHto=
github.com/lucasb-eyer/go-colorful v0.0.0-20170223221042-c900de9dbbc7 h1:G52I+Gk/wPD4HKvKT0Vxxp9OUPxqKs3OK6rffSPtNkA=
github.com/lucasb-eyer/go-colorful v0.0.0-20170223221042-c900de9dbbc7/go.mod h1:NXg0ArsFk0Y01623LgUqoqcouGDB+PwCCQlrwrG6xJ4=
github.com/manveru/faker v0.0.0-20171103152722-9fbc68a78c4d h1:Zj+PHjnhRYWBK6RqCDBcAhLXoi3TzC27Zad/Vn+gnVQ=
github.com/manveru/faker v0.0.0-20171103152722-9fbc68a78c4d/go.mod h1:WZy8Q5coAB1zhY9AOBJP0O6J4BuDfbupUDavKY+I3+s=
github.com/mattn/go-colorable v0.1.1/go.mod h1:FuOcm+DKB9mbwrcAfNl7/TZVBZ6rcnceauSikq3lYCQ=
github.com/mattn/go-isatty v0.0.5/go.mod h1:Iq45c/XA43vh69/j3iqttzPXn0bhXyGjM0Hdxcsrc5s=
github.com/mattn/go-isatty v0.0.7/go.mod h1:Iq45c/XA43vh69/j3iqttzPXn0bhXyGjM0Hdxcsrc5s=
github.com/montanaflynn/stats v0.5.0 h1:2EkzeTSqBB4V4bJwWrt5gIIrZmpJBcoIRGS2kWLgzmk=
github.com/montanaflynn/stats v0.5.0/go.mod h1:wL8QJuTMNUDYhXwkmfOly8iTdp5TEcJFWZD2D7SIkUc=
github.com/muesli/smartcrop v0.3.0 h1:JTlSkmxWg/oQ1TcLDoypuirdE8Y/jzNirQeLkxpA6Oc=
github.com/muesli/smartcrop v0.3.0/go.mod h1:i2fCI/UorTfgEpPPLWiFBv4pye+YAG78RwcQLUkocpI=
github.com/nfnt/resize v0.0.0-20180221191011-83c6a9932646 h1:zYyBkD/k9seD2A7fsi6Oo2LfFZAehjjQMERAvZLEDnQ=
github.com/nfnt/resize v0.0.0-20180221191011-83c6a9932646/go.mod h1:jpp1/29i3P1S/RLdc7JQKbRpFeM1dOBd8T9ki5s+AY8=
github.com/onsi/ginkgo v1.6.0/go.mod h1:lLunBs/Ym6LB5Z9jYTR76FiuTmxDTDusOGeTQH+WWjE=
github.com/onsi/ginkgo v1.8.0 h1:VkHVNpR4iVnU8XQR6DBm8BqYjN7CRzw+xKUbVVbbW9w=
github.com/onsi/ginkgo v1.8.0/go.mod h1:lLunBs/Ym6LB5Z9jYTR76FiuTmxDTDusOGeTQH+WWjE=
github.com/onsi/gomega v1.5.0 h1:izbySO9zDPmjJ8rDjLvkA2zJHIo+HkYXHnf7eN7SSyo=
github.com/onsi/gomega v1.5.0/go.mod h1:ex+gbHU/CVuBBDIJjb2X0qEXbFg53c61hWP/1CpauHY=
github.com/paulmach/go.geo v0.0.0-20170321183534-b160a6efed6c h1:niy7TbUenzrTAD/WCIF1Gpvq7stqei9eS8SAsnB4Z+s=
github.com/paulmach/go.geo v0.0.0-20170321183534-b160a6efed6c/go.mod h1:btFYk/ltlMU7ZKguHS7zQrwHYCtLoXGTaa44OsPbEVw=
github.com/paulmach/go.geojson v0.0.0-20170327170536-40612a87147b h1:rY7xFF9ktAzkr2OXol6GU9lrEw5PAMd5VV/5/T0A+FU=
github.com/paulmach/go.geojson v0.0.0-20170327170536-40612a87147b/go.mod h1:YaKx1hKpWF+T2oj2lFJPsW/t1Q5e1jQI61eoQSTwpIs=
github.com/pkg/errors v0.0.0-20190227000051-27936f6d90f9 h1:dIsTcVF0w9viTLHXUEkDI7cXITMe+M/MRRM2MwisVow=
github.com/pkg/errors v0.0.0-20190227000051-27936f6d90f9/go.mod h1:bwawxfHBFNV+L2hUp1rHADufV3IMtnDRdf1r5NINEl0=
github.com/pmezard/go-difflib v1.0.0 h1:4DBwDE0NGyQoBHbLQYPwSUPoCMWR5BEzIk/f1lZbAQM=
github.com/pmezard/go-difflib v1.0.0/go.mod h1:iKH77koFhYxTK1pcRnkKkqfTogsbg7gZNVY4sRDYZ/4=
github.com/robinpowered/go-proto v0.0.0-20160614142341-85ea3e1f1d3d h1:bPcdOem+wQHYnVZGR06M/tNNXClV2gLfV+HTvN0rqQE=
github.com/robinpowered/go-proto v0.0.0-20160614142341-85ea3e1f1d3d/go.mod h1:d9G6U8tjvYVZcE/1qlHJKjonWb1nEShiAByjvR3Kt/U=
github.com/satori/go.uuid v0.0.0-20180103174451-36e9d2ebbde5 h1:tfcGHuraNSEY9xRb9ckCMqMD7xAjzrYI1WpD7DA+nz8=
github.com/satori/go.uuid v0.0.0-20180103174451-36e9d2ebbde5/go.mod h1:dA0hQrYB0VpLJoorglMZABFdXlWrHn1NEOzdhQKdks0=
github.com/segmentio/ksuid v1.0.1 h1:O/0HN9qcXwqemHNVUT0L24al4IQLjwOFw5mWUy5wunE=
github.com/segmentio/ksuid v1.0.1/go.mod h1:BXuJDr2byAiHuQaQtSKoXh1J0YmUDurywOXgB2w+OSU=
github.com/sirupsen/logrus v0.0.0-20190331131941-a6c0064cfaf9/go.mod h1:ni0Sbl8bgC9z8RoU9G6nDWqqs/fq4eDPysMBDgk/93Q=
github.com/sohlich/go-dbscan v0.0.0-20161128164835-242a0c72bf77/go.mod h1:entKkqWNzRBW+ATZD+DWDKLvoUGqM5c5mm1+Mq9RHq0=
github.com/spf13/cobra v0.0.0-20170314171253-7be4beda01ec h1:iGFBkf58JnFrC1Fy+mHck1srLu9LQNHLwTmknu6pycs=
github.com/spf13/cobra v0.0.0-20170314171253-7be4beda01ec/go.mod h1:1l0Ry5zgKvJasoi3XT1TypsSe7PqH0Sj9dhYf7v3XqQ=
github.com/spf13/pflag v0.0.0-20170130214245-9ff6c6923cff h1:VARhShG49tiji6mdRNp7JTNDtJ0FhuprF93GBQ37xGU=
github.com/spf13/pflag v0.0.0-20170130214245-9ff6c6923cff/go.mod h1:DYY7MBk1bdzusC3SYhjObp+wFpr4gzcvqqNjLnInEg4=
github.com/stretchr/objx v0.1.1/go.mod h1:HFkY916IF+rwdDfMAkV7OtwuqBVzrE8GR6GFx+wExME=
github.com/stretchr/testify v1.2.2 h1:bSDNvY7ZPG5RlJ8otE/7V6gMiyenm9RtJ7IUVIAoJ1w=
github.com/stretchr/testify v1.2.2/go.mod h1:a8OnRcib4nhh0OaRAV+Yts87kKdq0PP7pXfy6kDkUVs=
github.com/ugorji/go v0.0.0-20190320090025-2dc34c0b8780/go.mod h1:hnLbHMwcvSihnDhEfx2/BzKp2xb0Y+ErdfYcrs9tkJQ=
github.com/xeipuuv/gojsonpointer v0.0.0-20170225233418-6fe8760cad35 h1:0TnXeVP6mx+A4CBf8cQVkQfkhyGBQCmJcT4g6zKzm7M=
github.com/xeipuuv/gojsonpointer v0.0.0-20170225233418-6fe8760cad35/go.mod h1:N2zxlSyiKSe5eX1tZViRH5QA0qijqEDrYZiPEAiq3wU=
github.com/xeipuuv/gojsonreference v0.0.0-20150808065054-e02fc20de94c h1:XZWnr3bsDQWAZg4Ne+cPoXRPILrNlPNQfxBuwLl43is=
github.com/xeipuuv/gojsonreference v0.0.0-20150808065054-e02fc20de94c/go.mod h1:GwrjFmJcFw6At/Gs6z4yjiIwzuJ1/+UwLxMQDVQXShQ=
github.com/xeipuuv/gojsonschema v0.0.0-20170324002221-702b404897d4 h1:tGYqDQEhOFTG8lCKaH9G5d18t8D9WIQ7Bpb+1yc9ASY=
github.com/xeipuuv/gojsonschema v0.0.0-20170324002221-702b404897d4/go.mod h1:5yf86TLmAcydyeJq5YvxkGPE2fm/u4myDekKRoLuqhs=
github.com/zach-klippenstein/goregen v0.0.0-20160303162051-795b5e3961ea h1:CyhwejzVGvZ3Q2PSbQ4NRRYn+ZWv5eS1vlaEusT+bAI=
github.com/zach-klippenstein/goregen v0.0.0-20160303162051-795b5e3961ea/go.mod h1:eNr558nEUjP8acGw8FFjTeWvSgU1stO7FAO6eknhHe4=
go.bug.st/serial.v1 v0.0.0-20180827123349-5f7892a7bb45 h1:mACY1anK6HNCZtm/DK2Rf2ZPHggVqeB0+7rY9Gl6wyI=
go.bug.st/serial.v1 v0.0.0-20180827123349-5f7892a7bb45/go.mod h1:dRSl/CVCTf56CkXgJMDOdSwNfo2g1orOGE/gBGdvjZw=
go.uber.org/atomic v1.3.1 h1:U8WaWEmp56LGz7PReduqHRVF6zzs9GbMC2NEZ42dxSQ=
go.uber.org/atomic v1.3.1/go.mod h1:gD2HeocX3+yG+ygLZcrzQJaqmWj9AIm7n08wl/qW/PE=
go.uber.org/multierr v0.0.0-20180122172545-ddea229ff1df h1:shvkWr0NAZkg4nPuE3XrKP0VuBPijjk3TfX6Y6acFNg=
go.uber.org/multierr v0.0.0-20180122172545-ddea229ff1df/go.mod h1:wR5kodmAFQ0UK8QlbwjlSNy0Z68gJhDJUG5sjR94q/0=
go.uber.org/zap v1.8.0 h1:r6Za1Rii8+EGOYRDLvpooNOF6kP3iyDnkpzbw67gCQ8=
go.uber.org/zap v1.8.0/go.mod h1:vwi/ZaCAaUcBkycHslxD9B2zi4UTXhF60s6SWpuDF0Q=
golang.org/x/crypto v0.0.0-20180723164146-c126467f60eb/go.mod h1:6SG95UA2DQfeDnfUPMdvaQW0Q7yPrPDi9nlGo2tz2b4=
golang.org/x/crypto v0.0.0-20190308221718-c2843e01d9a2 h1:VklqNMn3ovrHsnt90PveolxSbWFaJdECFbxSq0Mqo2M=
golang.org/x/crypto v0.0.0-20190308221718-c2843e01d9a2/go.mod h1:djNgcEr1/C05ACkg1iLfiJU5Ep61QUkGW8qpdssI0+w=
golang.org/x/crypto v0.0.0-20190911031432-227b76d455e7 h1:0hQKqeLdqlt5iIwVOBErRisrHJAN57yOiPRQItI20fU=
golang.org/x/crypto v0.0.0-20190911031432-227b76d455e7/go.mod h1:yigFU9vqHzYiE8UmvKecakEJjdnWj3jj499lnFckfCI=
golang.org/x/image v0.0.0-20170322222000-c0851fbc5b92 h1:AloAkWcniQLRH6BBDYmfDDLFyQVV76LcIbWhnB5d2r0=
golang.org/x/image v0.0.0-20170322222000-c0851fbc5b92/go.mod h1:ux5Hcp/YLpHSI86hEcLt0YII63i6oz57MZXIpbrjZUs=
golang.org/x/net v0.0.0-20180724234803-3673e40ba225/go.mod h1:mL1N/T3taQHkDXs73rZJwtUhF3w3ftmwwsq0BUmARs4=
golang.org/x/net v0.0.0-20180906233101-161cd47e91fd/go.mod h1:mL1N/T3taQHkDXs73rZJwtUhF3w3ftmwwsq0BUmARs4=
golang.org/x/net v0.0.0-20190108225652-1e06a53dbb7e/go.mod h1:mL1N/T3taQHkDXs73rZJwtUhF3w3ftmwwsq0BUmARs4=
golang.org/x/net v0.0.0-20190311183353-d8887717615a h1:oWX7TPOiFAMXLq8o0ikBYfCJVlRHBcsciT5bXOrH628=
golang.org/x/net v0.0.0-20190311183353-d8887717615a/go.mod h1:t9HGtf8HONx5eT2rtn7q6eTqICYqUVnKs3thJo3Qplg=
golang.org/x/net v0.0.0-20190404232315-eb5bcb51f2a3/go.mod h1:t9HGtf8HONx5eT2rtn7q6eTqICYqUVnKs3thJo3Qplg=
golang.org/x/net v0.0.0-20190522155817-f3200d17e092 h1:4QSRKanuywn15aTZvI/mIDEgPQpswuFndXpOj3rKEco=
golang.org/x/net v0.0.0-20190522155817-f3200d17e092/go.mod h1:HSz+uSET+XFnRR8LxR5pz3Of3rY3CfYBVs4xY44aLks=
golang.org/x/net v0.0.0-20190620200207-3b0461eec859/go.mod h1:z5CRVTTTmAJ677TzLLGU+0bjPO0LkuOLi4/5GtJWs/s=
golang.org/x/net v0.0.0-20190916140828-c8589233b77d h1:mCMDWKhNO37A7GAhOpHPbIw1cjd0V86kX1/WA9c7FZ8=
golang.org/x/net v0.0.0-20190916140828-c8589233b77d/go.mod h1:z5CRVTTTmAJ677TzLLGU+0bjPO0LkuOLi4/5GtJWs/s=
golang.org/x/oauth2 v0.0.0-20180416194528-6881fee410a5 h1:yammTX+17Kk8zo3wLi2C76s8XKCsyhSXwTVTFbqcKjM=
golang.org/x/oauth2 v0.0.0-20180416194528-6881fee410a5/go.mod h1:N/0e6XlmueqKjAGxoOufVs8QHGRruUQn6yWY3a++T0U=
golang.org/x/oauth2 v0.0.0-20190523182746-aaccbc9213b0 h1:xFEXbcD0oa/xhqQmMXztdZ0bWvexAWds+8c1gRN8nu0=
golang.org/x/oauth2 v0.0.0-20190523182746-aaccbc9213b0/go.mod h1:gOpvHmFTYa4IltrdGE7lF6nIHvwfUNPOp7c8zoXwtLw=
golang.org/x/sync v0.0.0-20180314180146-1d60e4601c6f/go.mod h1:RxMgew5VJxzue5/jJTE5uejpjVlOe/izrB70Jof72aM=
golang.org/x/sync v0.0.0-20181221193216-37e7f081c4d4 h1:YUO/7uOKsKeq9UokNS62b8FYywz3ker1l1vDZRCRefw=
golang.org/x/sync v0.0.0-20181221193216-37e7f081c4d4/go.mod h1:RxMgew5VJxzue5/jJTE5uejpjVlOe/izrB70Jof72aM=
golang.org/x/sync v0.0.0-20190423024810-112230192c58/go.mod h1:RxMgew5VJxzue5/jJTE5uejpjVlOe/izrB70Jof72aM=
golang.org/x/sync v0.0.0-20190911185100-cd5d95a43a6e/go.mod h1:RxMgew5VJxzue5/jJTE5uejpjVlOe/izrB70Jof72aM=
golang.org/x/sys v0.0.0-20180905080454-ebe1bf3edb33/go.mod h1:STP8DvDyc/dI5b8T5hshtkjS+E42TnysNCUPdjciGhY=
golang.org/x/sys v0.0.0-20180909124046-d0be0721c37e/go.mod h1:STP8DvDyc/dI5b8T5hshtkjS+E42TnysNCUPdjciGhY=
golang.org/x/sys v0.0.0-20190215142949-d0b11bdaac8a/go.mod h1:STP8DvDyc/dI5b8T5hshtkjS+E42TnysNCUPdjciGhY=
golang.org/x/sys v0.0.0-20190222072716-a9d3bda3a223/go.mod h1:STP8DvDyc/dI5b8T5hshtkjS+E42TnysNCUPdjciGhY=
golang.org/x/sys v0.0.0-20190329044733-9eb1bfa1ce65 h1:hOY+O8MxdkPV10pNf7/XEHaySCiPKxixMKUshfHsGn0=
golang.org/x/sys v0.0.0-20190329044733-9eb1bfa1ce65/go.mod h1:h1NjWce9XRLGQEsW7wpKNCjG9DtNlClVuFLEZdDNbEs=
golang.org/x/sys v0.0.0-20190412213103-97732733099d/go.mod h1:h1NjWce9XRLGQEsW7wpKNCjG9DtNlClVuFLEZdDNbEs=
golang.org/x/sys v0.0.0-20190916202348-b4ddaad3f8a3 h1:7TYNF4UdlohbFwpNH04CoPMp1cHUZgO1Ebq5r2hIjfo=
golang.org/x/sys v0.0.0-20190916202348-b4ddaad3f8a3/go.mod h1:h1NjWce9XRLGQEsW7wpKNCjG9DtNlClVuFLEZdDNbEs=
golang.org/x/text v0.3.0 h1:g61tztE5qeGQ89tm6NTjjM9VPIm088od1l6aSorWRWg=
golang.org/x/text v0.3.0/go.mod h1:NqM8EUOU14njkJ3fqMW+pc6Ldnwhi/IjpwHt7yyuwOQ=
golang.org/x/text v0.3.2 h1:tW2bmiBqwgJj/UpqtC8EpXEZVYOwU0yG4iWbprSVAcs=
golang.org/x/text v0.3.2/go.mod h1:bEr9sfX3Q8Zfm5fL9x+3itogRgK3+ptLWKqgva+5dAk=
golang.org/x/tools v0.0.0-20180221164845-07fd8470d635/go.mod h1:n7NCudcB/nEzxVGmLbDWY5pfWTLqBcC2KZ6jyYvM4mQ=
golang.org/x/tools v0.0.0-20180917221912-90fa682c2a6e/go.mod h1:n7NCudcB/nEzxVGmLbDWY5pfWTLqBcC2KZ6jyYvM4mQ=
golang.org/x/tools v0.0.0-20181030221726-6c7e314b6563/go.mod h1:n7NCudcB/nEzxVGmLbDWY5pfWTLqBcC2KZ6jyYvM4mQ=
golang.org/x/tools v0.0.0-20190401163957-4fc9f0bfa59a h1:8uDq1cly8U9Rv4OKK7v3+67Eci6dUaa/tGZbJ/2KzpM=
golang.org/x/tools v0.0.0-20190401163957-4fc9f0bfa59a/go.mod h1:LCzVGOaR6xXOjkQ3onu1FJEFr0SW1gC7cKk1uF8kGRs=
golang.org/x/tools v0.0.0-20190916201440-b31ee645dd40 h1:KIkBPI7+t/KsMxe3hV4Is2Dufewmo8XXMB8SqnQqcy8=
golang.org/x/tools v0.0.0-20190916201440-b31ee645dd40/go.mod h1:b+2E5dAYhXwXZwtnZ6UAqBI28+e2cm9otk0dWdXHAEo=
golang.org/x/xerrors v0.0.0-20190717185122-a985d3407aa7/go.mod h1:I/5z698sn9Ka8TeJc9MKroUUfqBBauWjQqLJ2OPfmY0=
google.golang.org/appengine v0.0.0-20180405220334-0a24098c0ec6/go.mod h1:EbEs0AVv82hx2wNQdGPgUI5lhzA/G0D9YwlJXL52JkM=
google.golang.org/appengine v1.4.0/go.mod h1:xpcJRLb0r/rnEns0DIKYYv+WjYCduHsrkT7/EB5XEv4=
gopkg.in/alexcesaro/statsd.v2 v2.0.0 h1:FXkZSCZIH17vLCO5sO2UucTHsH9pc+17F6pl3JVCwMc=
gopkg.in/alexcesaro/statsd.v2 v2.0.0/go.mod h1:i0ubccKGzBVNBpdGV5MocxyA/XlLUJzA7SLonnE4drU=
gopkg.in/check.v1 v0.0.0-20161208181325-20d25e280405/go.mod h1:Co6ibVJAznAaIkqp8huTwlJQCZ016jof/cbN4VW5Yz0=
gopkg.in/fsnotify.v1 v1.4.7 h1:xOHLXZwVvI9hhs+cLKq5+I5onOuwQLhQwiu63xxlHs4=
gopkg.in/fsnotify.v1 v1.4.7/go.mod h1:Tz8NjZHkW78fSQdbUxIjBTcgA1z1m8ZHf0WmKUhAMys=
gopkg.in/tomb.v1 v1.0.0-20141024135613-dd632973f1e7 h1:uRGJdciOHaEIrze2W8Q3AKkepLTh2hOroT7a+7czfdQ=
gopkg.in/tomb.v1 v1.0.0-20141024135613-dd632973f1e7/go.mod h1:dt/ZhP58zS4L8KSrWDmTeBkI65Dw0HsyUHuEVlX15mw=
gopkg.in/yaml.v2 v2.2.1/go.mod h1:hI93XBmqTisBFMUTm0b8Fm+jr3Dg1NNxqwp+5A1VGuI=
gopkg.in/yaml.v2 v2.2.2 h1:ZCJp+EgiOT7lHqUV2J862kp8Qj64Jo6az82+3Td9dZw=
gopkg.in/yaml.v2 v2.2.2/go.mod h1:hI93XBmqTisBFMUTm0b8Fm+jr3Dg1NNxqwp+5A1VGuI=
